// !$*UTF8*$!
{
	archiveVersion = 1;
	classes = {
	};
	objectVersion = 50;
	objects = {

/* Begin PBXBuildFile section */
		8FF9785820AF4699001B7F29 /* AppDelegate.swift in Sources */ = {isa = PBXBuildFile; fileRef = 8FF9785720AF4699001B7F29 /* AppDelegate.swift */; };
		8FF9785A20AF4699001B7F29 /* ViewController.swift in Sources */ = {isa = PBXBuildFile; fileRef = 8FF9785920AF4699001B7F29 /* ViewController.swift */; };
		8FF9785D20AF4699001B7F29 /* Main.storyboard in Resources */ = {isa = PBXBuildFile; fileRef = 8FF9785B20AF4699001B7F29 /* Main.storyboard */; };
		8FF9785F20AF469A001B7F29 /* Assets.xcassets in Resources */ = {isa = PBXBuildFile; fileRef = 8FF9785E20AF469A001B7F29 /* Assets.xcassets */; };
		8FF9786220AF469A001B7F29 /* LaunchScreen.storyboard in Resources */ = {isa = PBXBuildFile; fileRef = 8FF9786020AF469A001B7F29 /* LaunchScreen.storyboard */; };
		8FF9786D20AF469B001B7F29 /* TouchTrackerTests.swift in Sources */ = {isa = PBXBuildFile; fileRef = 8FF9786C20AF469B001B7F29 /* TouchTrackerTests.swift */; };
		8FF9787820AF469B001B7F29 /* TouchTrackerUITests.swift in Sources */ = {isa = PBXBuildFile; fileRef = 8FF9787720AF469B001B7F29 /* TouchTrackerUITests.swift */; };
		8FF9788620AF474F001B7F29 /* Line.swift in Sources */ = {isa = PBXBuildFile; fileRef = 8FF9788520AF474F001B7F29 /* Line.swift */; };
		8FF9788A20AF4861001B7F29 /* DrawView.swift in Sources */ = {isa = PBXBuildFile; fileRef = 8FF9788920AF4861001B7F29 /* DrawView.swift */; };
/* End PBXBuildFile section */

/* Begin PBXContainerItemProxy section */
		8FF9786920AF469B001B7F29 /* PBXContainerItemProxy */ = {
			isa = PBXContainerItemProxy;
			containerPortal = 8FF9784C20AF4699001B7F29 /* Project object */;
			proxyType = 1;
			remoteGlobalIDString = 8FF9785320AF4699001B7F29;
			remoteInfo = TouchTracker;
		};
		8FF9787420AF469B001B7F29 /* PBXContainerItemProxy */ = {
			isa = PBXContainerItemProxy;
			containerPortal = 8FF9784C20AF4699001B7F29 /* Project object */;
			proxyType = 1;
			remoteGlobalIDString = 8FF9785320AF4699001B7F29;
			remoteInfo = TouchTracker;
		};
/* End PBXContainerItemProxy section */

/* Begin PBXFileReference section */
		8FF9785420AF4699001B7F29 /* TouchTracker.app */ = {isa = PBXFileReference; explicitFileType = wrapper.application; includeInIndex = 0; path = TouchTracker.app; sourceTree = BUILT_PRODUCTS_DIR; };
		8FF9785720AF4699001B7F29 /* AppDelegate.swift */ = {isa = PBXFileReference; lastKnownFileType = sourcecode.swift; path = AppDelegate.swift; sourceTree = "<group>"; };
		8FF9785920AF4699001B7F29 /* ViewController.swift */ = {isa = PBXFileReference; lastKnownFileType = sourcecode.swift; path = ViewController.swift; sourceTree = "<group>"; };
		8FF9785C20AF4699001B7F29 /* Base */ = {isa = PBXFileReference; lastKnownFileType = file.storyboard; name = Base; path = Base.lproj/Main.storyboard; sourceTree = "<group>"; };
		8FF9785E20AF469A001B7F29 /* Assets.xcassets */ = {isa = PBXFileReference; lastKnownFileType = folder.assetcatalog; path = Assets.xcassets; sourceTree = "<group>"; };
		8FF9786120AF469A001B7F29 /* Base */ = {isa = PBXFileReference; lastKnownFileType = file.storyboard; name = Base; path = Base.lproj/LaunchScreen.storyboard; sourceTree = "<group>"; };
		8FF9786320AF469A001B7F29 /* Info.plist */ = {isa = PBXFileReference; lastKnownFileType = text.plist.xml; path = Info.plist; sourceTree = "<group>"; };
		8FF9786820AF469B001B7F29 /* TouchTrackerTests.xctest */ = {isa = PBXFileReference; explicitFileType = wrapper.cfbundle; includeInIndex = 0; path = TouchTrackerTests.xctest; sourceTree = BUILT_PRODUCTS_DIR; };
		8FF9786C20AF469B001B7F29 /* TouchTrackerTests.swift */ = {isa = PBXFileReference; lastKnownFileType = sourcecode.swift; path = TouchTrackerTests.swift; sourceTree = "<group>"; };
		8FF9786E20AF469B001B7F29 /* Info.plist */ = {isa = PBXFileReference; lastKnownFileType = text.plist.xml; path = Info.plist; sourceTree = "<group>"; };
		8FF9787320AF469B001B7F29 /* TouchTrackerUITests.xctest */ = {isa = PBXFileReference; explicitFileType = wrapper.cfbundle; includeInIndex = 0; path = TouchTrackerUITests.xctest; sourceTree = BUILT_PRODUCTS_DIR; };
		8FF9787720AF469B001B7F29 /* TouchTrackerUITests.swift */ = {isa = PBXFileReference; lastKnownFileType = sourcecode.swift; path = TouchTrackerUITests.swift; sourceTree = "<group>"; };
		8FF9787920AF469B001B7F29 /* Info.plist */ = {isa = PBXFileReference; lastKnownFileType = text.plist.xml; path = Info.plist; sourceTree = "<group>"; };
		8FF9788520AF474F001B7F29 /* Line.swift */ = {isa = PBXFileReference; lastKnownFileType = sourcecode.swift; path = Line.swift; sourceTree = "<group>"; };
		8FF9788920AF4861001B7F29 /* DrawView.swift */ = {isa = PBXFileReference; lastKnownFileType = sourcecode.swift; path = DrawView.swift; sourceTree = "<group>"; };
/* End PBXFileReference section */

/* Begin PBXFrameworksBuildPhase section */
		8FF9785120AF4699001B7F29 /* Frameworks */ = {
			isa = PBXFrameworksBuildPhase;
			buildActionMask = 2147483647;
			files = (
			);
			runOnlyForDeploymentPostprocessing = 0;
		};
		8FF9786520AF469B001B7F29 /* Frameworks */ = {
			isa = PBXFrameworksBuildPhase;
			buildActionMask = 2147483647;
			files = (
			);
			runOnlyForDeploymentPostprocessing = 0;
		};
		8FF9787020AF469B001B7F29 /* Frameworks */ = {
			isa = PBXFrameworksBuildPhase;
			buildActionMask = 2147483647;
			files = (
			);
			runOnlyForDeploymentPostprocessing = 0;
		};
/* End PBXFrameworksBuildPhase section */

/* Begin PBXGroup section */
		8FF9784B20AF4699001B7F29 = {
			isa = PBXGroup;
			children = (
				8FF9785620AF4699001B7F29 /* TouchTracker */,
				8FF9786B20AF469B001B7F29 /* TouchTrackerTests */,
				8FF9787620AF469B001B7F29 /* TouchTrackerUITests */,
				8FF9785520AF4699001B7F29 /* Products */,
			);
			sourceTree = "<group>";
		};
		8FF9785520AF4699001B7F29 /* Products */ = {
			isa = PBXGroup;
			children = (
				8FF9785420AF4699001B7F29 /* TouchTracker.app */,
				8FF9786820AF469B001B7F29 /* TouchTrackerTests.xctest */,
				8FF9787320AF469B001B7F29 /* TouchTrackerUITests.xctest */,
			);
			name = Products;
			sourceTree = "<group>";
		};
		8FF9785620AF4699001B7F29 /* TouchTracker */ = {
			isa = PBXGroup;
			children = (
				8FF9785720AF4699001B7F29 /* AppDelegate.swift */,
				8FF9785920AF4699001B7F29 /* ViewController.swift */,
				8FF9788520AF474F001B7F29 /* Line.swift */,
				8FF9785B20AF4699001B7F29 /* Main.storyboard */,
				8FF9788920AF4861001B7F29 /* DrawView.swift */,
				8FF9785E20AF469A001B7F29 /* Assets.xcassets */,
				8FF9786020AF469A001B7F29 /* LaunchScreen.storyboard */,
				8FF9786320AF469A001B7F29 /* Info.plist */,
			);
			path = TouchTracker;
			sourceTree = "<group>";
		};
		8FF9786B20AF469B001B7F29 /* TouchTrackerTests */ = {
			isa = PBXGroup;
			children = (
				8FF9786C20AF469B001B7F29 /* TouchTrackerTests.swift */,
				8FF9786E20AF469B001B7F29 /* Info.plist */,
			);
			path = TouchTrackerTests;
			sourceTree = "<group>";
		};
		8FF9787620AF469B001B7F29 /* TouchTrackerUITests */ = {
			isa = PBXGroup;
			children = (
				8FF9787720AF469B001B7F29 /* TouchTrackerUITests.swift */,
				8FF9787920AF469B001B7F29 /* Info.plist */,
			);
			path = TouchTrackerUITests;
			sourceTree = "<group>";
		};
/* End PBXGroup section */

/* Begin PBXNativeTarget section */
		8FF9785320AF4699001B7F29 /* TouchTracker */ = {
			isa = PBXNativeTarget;
			buildConfigurationList = 8FF9787C20AF469B001B7F29 /* Build configuration list for PBXNativeTarget "TouchTracker" */;
			buildPhases = (
				8FF9785020AF4699001B7F29 /* Sources */,
				8FF9785120AF4699001B7F29 /* Frameworks */,
				8FF9785220AF4699001B7F29 /* Resources */,
			);
			buildRules = (
			);
			dependencies = (
			);
			name = TouchTracker;
			productName = TouchTracker;
			productReference = 8FF9785420AF4699001B7F29 /* TouchTracker.app */;
			productType = "com.apple.product-type.application";
		};
		8FF9786720AF469B001B7F29 /* TouchTrackerTests */ = {
			isa = PBXNativeTarget;
			buildConfigurationList = 8FF9787F20AF469B001B7F29 /* Build configuration list for PBXNativeTarget "TouchTrackerTests" */;
			buildPhases = (
				8FF9786420AF469B001B7F29 /* Sources */,
				8FF9786520AF469B001B7F29 /* Frameworks */,
				8FF9786620AF469B001B7F29 /* Resources */,
			);
			buildRules = (
			);
			dependencies = (
				8FF9786A20AF469B001B7F29 /* PBXTargetDependency */,
			);
			name = TouchTrackerTests;
			productName = TouchTrackerTests;
			productReference = 8FF9786820AF469B001B7F29 /* TouchTrackerTests.xctest */;
			productType = "com.apple.product-type.bundle.unit-test";
		};
		8FF9787220AF469B001B7F29 /* TouchTrackerUITests */ = {
			isa = PBXNativeTarget;
			buildConfigurationList = 8FF9788220AF469B001B7F29 /* Build configuration list for PBXNativeTarget "TouchTrackerUITests" */;
			buildPhases = (
				8FF9786F20AF469B001B7F29 /* Sources */,
				8FF9787020AF469B001B7F29 /* Frameworks */,
				8FF9787120AF469B001B7F29 /* Resources */,
			);
			buildRules = (
			);
			dependencies = (
				8FF9787520AF469B001B7F29 /* PBXTargetDependency */,
			);
			name = TouchTrackerUITests;
			productName = TouchTrackerUITests;
			productReference = 8FF9787320AF469B001B7F29 /* TouchTrackerUITests.xctest */;
			productType = "com.apple.product-type.bundle.ui-testing";
		};
/* End PBXNativeTarget section */

/* Begin PBXProject section */
		8FF9784C20AF4699001B7F29 /* Project object */ = {
			isa = PBXProject;
			attributes = {
				LastSwiftUpdateCheck = 0930;
				LastUpgradeCheck = 0930;
				ORGANIZATIONNAME = "Vo Huy";
				TargetAttributes = {
					8FF9785320AF4699001B7F29 = {
						CreatedOnToolsVersion = 9.3;
					};
					8FF9786720AF469B001B7F29 = {
						CreatedOnToolsVersion = 9.3;
						TestTargetID = 8FF9785320AF4699001B7F29;
					};
					8FF9787220AF469B001B7F29 = {
						CreatedOnToolsVersion = 9.3;
						TestTargetID = 8FF9785320AF4699001B7F29;
					};
				};
			};
			buildConfigurationList = 8FF9784F20AF4699001B7F29 /* Build configuration list for PBXProject "TouchTracker" */;
			compatibilityVersion = "Xcode 9.3";
			developmentRegion = en;
			hasScannedForEncodings = 0;
			knownRegions = (
				en,
				Base,
			);
			mainGroup = 8FF9784B20AF4699001B7F29;
			productRefGroup = 8FF9785520AF4699001B7F29 /* Products */;
			projectDirPath = "";
			projectRoot = "";
			targets = (
				8FF9785320AF4699001B7F29 /* TouchTracker */,
				8FF9786720AF469B001B7F29 /* TouchTrackerTests */,
				8FF9787220AF469B001B7F29 /* TouchTrackerUITests */,
			);
		};
/* End PBXProject section */

/* Begin PBXResourcesBuildPhase section */
		8FF9785220AF4699001B7F29 /* Resources */ = {
			isa = PBXResourcesBuildPhase;
			buildActionMask = 2147483647;
			files = (
				8FF9786220AF469A001B7F29 /* LaunchScreen.storyboard in Resources */,
				8FF9785F20AF469A001B7F29 /* Assets.xcassets in Resources */,
				8FF9785D20AF4699001B7F29 /* Main.storyboard in Resources */,
			);
			runOnlyForDeploymentPostprocessing = 0;
		};
		8FF9786620AF469B001B7F29 /* Resources */ = {
			isa = PBXResourcesBuildPhase;
			buildActionMask = 2147483647;
			files = (
			);
			runOnlyForDeploymentPostprocessing = 0;
		};
		8FF9787120AF469B001B7F29 /* Resources */ = {
			isa = PBXResourcesBuildPhase;
			buildActionMask = 2147483647;
			files = (
			);
			runOnlyForDeploymentPostprocessing = 0;
		};
/* End PBXResourcesBuildPhase section */

/* Begin PBXSourcesBuildPhase section */
		8FF9785020AF4699001B7F29 /* Sources */ = {
			isa = PBXSourcesBuildPhase;
			buildActionMask = 2147483647;
			files = (
				8FF9785A20AF4699001B7F29 /* ViewController.swift in Sources */,
				8FF9788620AF474F001B7F29 /* Line.swift in Sources */,
				8FF9788A20AF4861001B7F29 /* DrawView.swift in Sources */,
				8FF9785820AF4699001B7F29 /* AppDelegate.swift in Sources */,
			);
			runOnlyForDeploymentPostprocessing = 0;
		};
		8FF9786420AF469B001B7F29 /* Sources */ = {
			isa = PBXSourcesBuildPhase;
			buildActionMask = 2147483647;
			files = (
				8FF9786D20AF469B001B7F29 /* TouchTrackerTests.swift in Sources */,
			);
			runOnlyForDeploymentPostprocessing = 0;
		};
		8FF9786F20AF469B001B7F29 /* Sources */ = {
			isa = PBXSourcesBuildPhase;
			buildActionMask = 2147483647;
			files = (
				8FF9787820AF469B001B7F29 /* TouchTrackerUITests.swift in Sources */,
			);
			runOnlyForDeploymentPostprocessing = 0;
		};
/* End PBXSourcesBuildPhase section */

/* Begin PBXTargetDependency section */
		8FF9786A20AF469B001B7F29 /* PBXTargetDependency */ = {
			isa = PBXTargetDependency;
			target = 8FF9785320AF4699001B7F29 /* TouchTracker */;
			targetProxy = 8FF9786920AF469B001B7F29 /* PBXContainerItemProxy */;
		};
		8FF9787520AF469B001B7F29 /* PBXTargetDependency */ = {
			isa = PBXTargetDependency;
			target = 8FF9785320AF4699001B7F29 /* TouchTracker */;
			targetProxy = 8FF9787420AF469B001B7F29 /* PBXContainerItemProxy */;
		};
/* End PBXTargetDependency section */

/* Begin PBXVariantGroup section */
		8FF9785B20AF4699001B7F29 /* Main.storyboard */ = {
			isa = PBXVariantGroup;
			children = (
				8FF9785C20AF4699001B7F29 /* Base */,
			);
			name = Main.storyboard;
			sourceTree = "<group>";
		};
		8FF9786020AF469A001B7F29 /* LaunchScreen.storyboard */ = {
			isa = PBXVariantGroup;
			children = (
				8FF9786120AF469A001B7F29 /* Base */,
			);
			name = LaunchScreen.storyboard;
			sourceTree = "<group>";
		};
/* End PBXVariantGroup section */

/* Begin XCBuildConfiguration section */
		8FF9787A20AF469B001B7F29 /* Debug */ = {
			isa = XCBuildConfiguration;
			buildSettings = {
				ALWAYS_SEARCH_USER_PATHS = NO;
				CLANG_ANALYZER_NONNULL = YES;
				CLANG_ANALYZER_NUMBER_OBJECT_CONVERSION = YES_AGGRESSIVE;
				CLANG_CXX_LANGUAGE_STANDARD = "gnu++14";
				CLANG_CXX_LIBRARY = "libc++";
				CLANG_ENABLE_MODULES = YES;
				CLANG_ENABLE_OBJC_ARC = YES;
				CLANG_ENABLE_OBJC_WEAK = YES;
				CLANG_WARN_BLOCK_CAPTURE_AUTORELEASING = YES;
				CLANG_WARN_BOOL_CONVERSION = YES;
				CLANG_WARN_COMMA = YES;
				CLANG_WARN_CONSTANT_CONVERSION = YES;
				CLANG_WARN_DEPRECATED_OBJC_IMPLEMENTATIONS = YES;
				CLANG_WARN_DIRECT_OBJC_ISA_USAGE = YES_ERROR;
				CLANG_WARN_DOCUMENTATION_COMMENTS = YES;
				CLANG_WARN_EMPTY_BODY = YES;
				CLANG_WARN_ENUM_CONVERSION = YES;
				CLANG_WARN_INFINITE_RECURSION = YES;
				CLANG_WARN_INT_CONVERSION = YES;
				CLANG_WARN_NON_LITERAL_NULL_CONVERSION = YES;
				CLANG_WARN_OBJC_IMPLICIT_RETAIN_SELF = YES;
				CLANG_WARN_OBJC_LITERAL_CONVERSION = YES;
				CLANG_WARN_OBJC_ROOT_CLASS = YES_ERROR;
				CLANG_WARN_RANGE_LOOP_ANALYSIS = YES;
				CLANG_WARN_STRICT_PROTOTYPES = YES;
				CLANG_WARN_SUSPICIOUS_MOVE = YES;
				CLANG_WARN_UNGUARDED_AVAILABILITY = YES_AGGRESSIVE;
				CLANG_WARN_UNREACHABLE_CODE = YES;
				CLANG_WARN__DUPLICATE_METHOD_MATCH = YES;
				CODE_SIGN_IDENTITY = "iPhone Developer";
				COPY_PHASE_STRIP = NO;
				DEBUG_INFORMATION_FORMAT = dwarf;
				ENABLE_STRICT_OBJC_MSGSEND = YES;
				ENABLE_TESTABILITY = YES;
				GCC_C_LANGUAGE_STANDARD = gnu11;
				GCC_DYNAMIC_NO_PIC = NO;
				GCC_NO_COMMON_BLOCKS = YES;
				GCC_OPTIMIZATION_LEVEL = 0;
				GCC_PREPROCESSOR_DEFINITIONS = (
					"DEBUG=1",
					"$(inherited)",
				);
				GCC_WARN_64_TO_32_BIT_CONVERSION = YES;
				GCC_WARN_ABOUT_RETURN_TYPE = YES_ERROR;
				GCC_WARN_UNDECLARED_SELECTOR = YES;
				GCC_WARN_UNINITIALIZED_AUTOS = YES_AGGRESSIVE;
				GCC_WARN_UNUSED_FUNCTION = YES;
				GCC_WARN_UNUSED_VARIABLE = YES;
				IPHONEOS_DEPLOYMENT_TARGET = 11.3;
				MTL_ENABLE_DEBUG_INFO = YES;
				ONLY_ACTIVE_ARCH = YES;
				SDKROOT = iphoneos;
				SWIFT_ACTIVE_COMPILATION_CONDITIONS = DEBUG;
				SWIFT_OPTIMIZATION_LEVEL = "-Onone";
			};
			name = Debug;
		};
		8FF9787B20AF469B001B7F29 /* Release */ = {
			isa = XCBuildConfiguration;
			buildSettings = {
				ALWAYS_SEARCH_USER_PATHS = NO;
				CLANG_ANALYZER_NONNULL = YES;
				CLANG_ANALYZER_NUMBER_OBJECT_CONVERSION = YES_AGGRESSIVE;
				CLANG_CXX_LANGUAGE_STANDARD = "gnu++14";
				CLANG_CXX_LIBRARY = "libc++";
				CLANG_ENABLE_MODULES = YES;
				CLANG_ENABLE_OBJC_ARC = YES;
				CLANG_ENABLE_OBJC_WEAK = YES;
				CLANG_WARN_BLOCK_CAPTURE_AUTORELEASING = YES;
				CLANG_WARN_BOOL_CONVERSION = YES;
				CLANG_WARN_COMMA = YES;
				CLANG_WARN_CONSTANT_CONVERSION = YES;
				CLANG_WARN_DEPRECATED_OBJC_IMPLEMENTATIONS = YES;
				CLANG_WARN_DIRECT_OBJC_ISA_USAGE = YES_ERROR;
				CLANG_WARN_DOCUMENTATION_COMMENTS = YES;
				CLANG_WARN_EMPTY_BODY = YES;
				CLANG_WARN_ENUM_CONVERSION = YES;
				CLANG_WARN_INFINITE_RECURSION = YES;
				CLANG_WARN_INT_CONVERSION = YES;
				CLANG_WARN_NON_LITERAL_NULL_CONVERSION = YES;
				CLANG_WARN_OBJC_IMPLICIT_RETAIN_SELF = YES;
				CLANG_WARN_OBJC_LITERAL_CONVERSION = YES;
				CLANG_WARN_OBJC_ROOT_CLASS = YES_ERROR;
				CLANG_WARN_RANGE_LOOP_ANALYSIS = YES;
				CLANG_WARN_STRICT_PROTOTYPES = YES;
				CLANG_WARN_SUSPICIOUS_MOVE = YES;
				CLANG_WARN_UNGUARDED_AVAILABILITY = YES_AGGRESSIVE;
				CLANG_WARN_UNREACHABLE_CODE = YES;
				CLANG_WARN__DUPLICATE_METHOD_MATCH = YES;
				CODE_SIGN_IDENTITY = "iPhone Developer";
				COPY_PHASE_STRIP = NO;
				DEBUG_INFORMATION_FORMAT = "dwarf-with-dsym";
				ENABLE_NS_ASSERTIONS = NO;
				ENABLE_STRICT_OBJC_MSGSEND = YES;
				GCC_C_LANGUAGE_STANDARD = gnu11;
				GCC_NO_COMMON_BLOCKS = YES;
				GCC_WARN_64_TO_32_BIT_CONVERSION = YES;
				GCC_WARN_ABOUT_RETURN_TYPE = YES_ERROR;
				GCC_WARN_UNDECLARED_SELECTOR = YES;
				GCC_WARN_UNINITIALIZED_AUTOS = YES_AGGRESSIVE;
				GCC_WARN_UNUSED_FUNCTION = YES;
				GCC_WARN_UNUSED_VARIABLE = YES;
				IPHONEOS_DEPLOYMENT_TARGET = 11.3;
				MTL_ENABLE_DEBUG_INFO = NO;
				SDKROOT = iphoneos;
				SWIFT_COMPILATION_MODE = wholemodule;
				SWIFT_OPTIMIZATION_LEVEL = "-O";
				VALIDATE_PRODUCT = YES;
			};
			name = Release;
		};
		8FF9787D20AF469B001B7F29 /* Debug */ = {
			isa = XCBuildConfiguration;
			buildSettings = {
				ASSETCATALOG_COMPILER_APPICON_NAME = AppIcon;
				CODE_SIGN_STYLE = Automatic;
				DEVELOPMENT_TEAM = XG84P2VT48;
				INFOPLIST_FILE = TouchTracker/Info.plist;
				LD_RUNPATH_SEARCH_PATHS = (
					"$(inherited)",
					"@executable_path/Frameworks",
				);
				PRODUCT_BUNDLE_IDENTIFIER = com.voxqhuy.TouchTracker;
				PRODUCT_NAME = "$(TARGET_NAME)";
				SWIFT_VERSION = 4.0;
				TARGETED_DEVICE_FAMILY = "1,2";
			};
			name = Debug;
		};
		8FF9787E20AF469B001B7F29 /* Release */ = {
			isa = XCBuildConfiguration;
			buildSettings = {
				ASSETCATALOG_COMPILER_APPICON_NAME = AppIcon;
				CODE_SIGN_STYLE = Automatic;
				DEVELOPMENT_TEAM = XG84P2VT48;
				INFOPLIST_FILE = TouchTracker/Info.plist;
				LD_RUNPATH_SEARCH_PATHS = (
					"$(inherited)",
					"@executable_path/Frameworks",
				);
				PRODUCT_BUNDLE_IDENTIFIER = com.voxqhuy.TouchTracker;
				PRODUCT_NAME = "$(TARGET_NAME)";
				SWIFT_VERSION = 4.0;
				TARGETED_DEVICE_FAMILY = "1,2";
			};
			name = Release;
		};
		8FF9788020AF469B001B7F29 /* Debug */ = {
			isa = XCBuildConfiguration;
			buildSettings = {
				ALWAYS_EMBED_SWIFT_STANDARD_LIBRARIES = YES;
				BUNDLE_LOADER = "$(TEST_HOST)";
				CODE_SIGN_STYLE = Automatic;
				INFOPLIST_FILE = TouchTrackerTests/Info.plist;
				LD_RUNPATH_SEARCH_PATHS = (
					"$(inherited)",
					"@executable_path/Frameworks",
					"@loader_path/Frameworks",
				);
				PRODUCT_BUNDLE_IDENTIFIER = com.voxqhuy.TouchTrackerTests;
				PRODUCT_NAME = "$(TARGET_NAME)";
				SWIFT_VERSION = 4.0;
				TARGETED_DEVICE_FAMILY = "1,2";
				TEST_HOST = "$(BUILT_PRODUCTS_DIR)/TouchTracker.app/TouchTracker";
			};
			name = Debug;
		};
		8FF9788120AF469B001B7F29 /* Release */ = {
			isa = XCBuildConfiguration;
			buildSettings = {
				ALWAYS_EMBED_SWIFT_STANDARD_LIBRARIES = YES;
				BUNDLE_LOADER = "$(TEST_HOST)";
				CODE_SIGN_STYLE = Automatic;
				INFOPLIST_FILE = TouchTrackerTests/Info.plist;
				LD_RUNPATH_SEARCH_PATHS = (
					"$(inherited)",
					"@executable_path/Frameworks",
					"@loader_path/Frameworks",
				);
				PRODUCT_BUNDLE_IDENTIFIER = com.voxqhuy.TouchTrackerTests;
				PRODUCT_NAME = "$(TARGET_NAME)";
				SWIFT_VERSION = 4.0;
				TARGETED_DEVICE_FAMILY = "1,2";
				TEST_HOST = "$(BUILT_PRODUCTS_DIR)/TouchTracker.app/TouchTracker";
			};
			name = Release;
		};
		8FF9788320AF469B001B7F29 /* Debug */ = {
			isa = XCBuildConfiguration;
			buildSettings = {
				ALWAYS_EMBED_SWIFT_STANDARD_LIBRARIES = YES;
				CODE_SIGN_STYLE = Automatic;
				INFOPLIST_FILE = TouchTrackerUITests/Info.plist;
				LD_RUNPATH_SEARCH_PATHS = (
					"$(inherited)",
					"@executable_path/Frameworks",
					"@loader_path/Frameworks",
				);
				PRODUCT_BUNDLE_IDENTIFIER = com.voxqhuy.TouchTrackerUITests;
				PRODUCT_NAME = "$(TARGET_NAME)";
				SWIFT_VERSION = 4.0;
				TARGETED_DEVICE_FAMILY = "1,2";
				TEST_TARGET_NAME = TouchTracker;
			};
			name = Debug;
		};
		8FF9788420AF469B001B7F29 /* Release */ = {
			isa = XCBuildConfiguration;
			buildSettings = {
				ALWAYS_EMBED_SWIFT_STANDARD_LIBRARIES = YES;
				CODE_SIGN_STYLE = Automatic;
				INFOPLIST_FILE = TouchTrackerUITests/Info.plist;
				LD_RUNPATH_SEARCH_PATHS = (
					"$(inherited)",
					"@executable_path/Frameworks",
					"@loader_path/Frameworks",
				);
				PRODUCT_BUNDLE_IDENTIFIER = com.voxqhuy.TouchTrackerUITests;
				PRODUCT_NAME = "$(TARGET_NAME)";
				SWIFT_VERSION = 4.0;
				TARGETED_DEVICE_FAMILY = "1,2";
				TEST_TARGET_NAME = TouchTracker;
			};
			name = Release;
		};
/* End XCBuildConfiguration section */

/* Begin XCConfigurationList section */
		8FF9784F20AF4699001B7F29 /* Build configuration list for PBXProject "TouchTracker" */ = {
			isa = XCConfigurationList;
			buildConfigurations = (
				8FF9787A20AF469B001B7F29 /* Debug */,
				8FF9787B20AF469B001B7F29 /* Release */,
			);
			defaultConfigurationIsVisible = 0;
			defaultConfigurationName = Release;
		};
		8FF9787C20AF469B001B7F29 /* Build configuration list for PBXNativeTarget "TouchTracker" */ = {
			isa = XCConfigurationList;
			buildConfigurations = (
				8FF9787D20AF469B001B7F29 /* Debug */,
				8FF9787E20AF469B001B7F29 /* Release */,
			);
			defaultConfigurationIsVisible = 0;
			defaultConfigurationName = Release;
		};
		8FF9787F20AF469B001B7F29 /* Build configuration list for PBXNativeTarget "TouchTrackerTests" */ = {
			isa = XCConfigurationList;
			buildConfigurations = (
				8FF9788020AF469B001B7F29 /* Debug */,
				8FF9788120AF469B001B7F29 /* Release */,
			);
			defaultConfigurationIsVisible = 0;
			defaultConfigurationName = Release;
		};
		8FF9788220AF469B001B7F29 /* Build configuration list for PBXNativeTarget "TouchTrackerUITests" */ = {
			isa = XCConfigurationList;
			buildConfigurations = (
				8FF9788320AF469B001B7F29 /* Debug */,
				8FF9788420AF469B001B7F29 /* Release */,
			);
			defaultConfigurationIsVisible = 0;
			defaultConfigurationName = Release;
		};
/* End XCConfigurationList section */
	};
	rootObject = 8FF9784C20AF4699001B7F29 /* Project object */;
}
