// !$*UTF8*$!
{
	archiveVersion = 1;
	classes = {
	};
	objectVersion = 50;
	objects = {

/* Begin PBXBuildFile section */
		8F26C48220A10BAD00E9273C /* MealTableViewController.swift in Sources */ = {isa = PBXBuildFile; fileRef = 8F26C48120A10BAD00E9273C /* MealTableViewController.swift */; };
		8F7678D0209228800083058A /* Meal.swift in Sources */ = {isa = PBXBuildFile; fileRef = 8F7678CF209228800083058A /* Meal.swift */; };
		8F8281A7208F87BC00516D4D /* AppDelegate.swift in Sources */ = {isa = PBXBuildFile; fileRef = 8F8281A6208F87BC00516D4D /* AppDelegate.swift */; };
		8F8281A9208F87BC00516D4D /* MealViewController.swift in Sources */ = {isa = PBXBuildFile; fileRef = 8F8281A8208F87BC00516D4D /* MealViewController.swift */; };
		8F8281AC208F87BC00516D4D /* Main.storyboard in Resources */ = {isa = PBXBuildFile; fileRef = 8F8281AA208F87BC00516D4D /* Main.storyboard */; };
		8F8281AE208F87BC00516D4D /* Assets.xcassets in Resources */ = {isa = PBXBuildFile; fileRef = 8F8281AD208F87BC00516D4D /* Assets.xcassets */; };
		8F8281B1208F87BC00516D4D /* LaunchScreen.storyboard in Resources */ = {isa = PBXBuildFile; fileRef = 8F8281AF208F87BC00516D4D /* LaunchScreen.storyboard */; };
		8F8281BC208F87BD00516D4D /* FoodTrackerTests.swift in Sources */ = {isa = PBXBuildFile; fileRef = 8F8281BB208F87BD00516D4D /* FoodTrackerTests.swift */; };
		8F8DA9762093EA96008824FC /* MealTableViewCell.swift in Sources */ = {isa = PBXBuildFile; fileRef = 8F8DA9752093EA96008824FC /* MealTableViewCell.swift */; };
		8FD8CD85208FDF3B00CC6D87 /* RatingControl.swift in Sources */ = {isa = PBXBuildFile; fileRef = 8FD8CD84208FDF3B00CC6D87 /* RatingControl.swift */; };
/* End PBXBuildFile section */

/* Begin PBXContainerItemProxy section */
		8F8281B8208F87BD00516D4D /* PBXContainerItemProxy */ = {
			isa = PBXContainerItemProxy;
			containerPortal = 8F82819B208F87BC00516D4D /* Project object */;
			proxyType = 1;
			remoteGlobalIDString = 8F8281A2208F87BC00516D4D;
			remoteInfo = FoodTracker;
		};
/* End PBXContainerItemProxy section */

/* Begin PBXFileReference section */
		8F26C48120A10BAD00E9273C /* MealTableViewController.swift */ = {isa = PBXFileReference; lastKnownFileType = sourcecode.swift; path = MealTableViewController.swift; sourceTree = "<group>"; };
		8F7678CF209228800083058A /* Meal.swift */ = {isa = PBXFileReference; lastKnownFileType = sourcecode.swift; path = Meal.swift; sourceTree = "<group>"; };
		8F8281A3208F87BC00516D4D /* FoodTracker.app */ = {isa = PBXFileReference; explicitFileType = wrapper.application; includeInIndex = 0; path = FoodTracker.app; sourceTree = BUILT_PRODUCTS_DIR; };
		8F8281A6208F87BC00516D4D /* AppDelegate.swift */ = {isa = PBXFileReference; lastKnownFileType = sourcecode.swift; path = AppDelegate.swift; sourceTree = "<group>"; };
		8F8281A8208F87BC00516D4D /* MealViewController.swift */ = {isa = PBXFileReference; lastKnownFileType = sourcecode.swift; path = MealViewController.swift; sourceTree = "<group>"; };
		8F8281AB208F87BC00516D4D /* Base */ = {isa = PBXFileReference; lastKnownFileType = file.storyboard; name = Base; path = Base.lproj/Main.storyboard; sourceTree = "<group>"; };
		8F8281AD208F87BC00516D4D /* Assets.xcassets */ = {isa = PBXFileReference; lastKnownFileType = folder.assetcatalog; path = Assets.xcassets; sourceTree = "<group>"; };
		8F8281B0208F87BC00516D4D /* Base */ = {isa = PBXFileReference; lastKnownFileType = file.storyboard; name = Base; path = Base.lproj/LaunchScreen.storyboard; sourceTree = "<group>"; };
		8F8281B2208F87BC00516D4D /* Info.plist */ = {isa = PBXFileReference; lastKnownFileType = text.plist.xml; path = Info.plist; sourceTree = "<group>"; };
		8F8281B7208F87BD00516D4D /* FoodTrackerTests.xctest */ = {isa = PBXFileReference; explicitFileType = wrapper.cfbundle; includeInIndex = 0; path = FoodTrackerTests.xctest; sourceTree = BUILT_PRODUCTS_DIR; };
		8F8281BB208F87BD00516D4D /* FoodTrackerTests.swift */ = {isa = PBXFileReference; lastKnownFileType = sourcecode.swift; path = FoodTrackerTests.swift; sourceTree = "<group>"; };
		8F8281BD208F87BD00516D4D /* Info.plist */ = {isa = PBXFileReference; lastKnownFileType = text.plist.xml; path = Info.plist; sourceTree = "<group>"; };
		8F8DA9752093EA96008824FC /* MealTableViewCell.swift */ = {isa = PBXFileReference; lastKnownFileType = sourcecode.swift; path = MealTableViewCell.swift; sourceTree = "<group>"; };
		8FD8CD84208FDF3B00CC6D87 /* RatingControl.swift */ = {isa = PBXFileReference; lastKnownFileType = sourcecode.swift; path = RatingControl.swift; sourceTree = "<group>"; };
/* End PBXFileReference section */

/* Begin PBXFrameworksBuildPhase section */
		8F8281A0208F87BC00516D4D /* Frameworks */ = {
			isa = PBXFrameworksBuildPhase;
			buildActionMask = 2147483647;
			files = (
			);
			runOnlyForDeploymentPostprocessing = 0;
		};
		8F8281B4208F87BD00516D4D /* Frameworks */ = {
			isa = PBXFrameworksBuildPhase;
			buildActionMask = 2147483647;
			files = (
			);
			runOnlyForDeploymentPostprocessing = 0;
		};
/* End PBXFrameworksBuildPhase section */

/* Begin PBXGroup section */
		8F82819A208F87BC00516D4D = {
			isa = PBXGroup;
			children = (
				8F8281A5208F87BC00516D4D /* FoodTracker */,
				8F8281BA208F87BD00516D4D /* FoodTrackerTests */,
				8F8281A4208F87BC00516D4D /* Products */,
			);
			sourceTree = "<group>";
		};
		8F8281A4208F87BC00516D4D /* Products */ = {
			isa = PBXGroup;
			children = (
				8F8281A3208F87BC00516D4D /* FoodTracker.app */,
				8F8281B7208F87BD00516D4D /* FoodTrackerTests.xctest */,
			);
			name = Products;
			sourceTree = "<group>";
		};
		8F8281A5208F87BC00516D4D /* FoodTracker */ = {
			isa = PBXGroup;
			children = (
				8F8281A6208F87BC00516D4D /* AppDelegate.swift */,
				8F8281A8208F87BC00516D4D /* MealViewController.swift */,
				8FD8CD84208FDF3B00CC6D87 /* RatingControl.swift */,
				8F7678CF209228800083058A /* Meal.swift */,
				8F8DA9752093EA96008824FC /* MealTableViewCell.swift */,
				8F26C48120A10BAD00E9273C /* MealTableViewController.swift */,
				8F8281AA208F87BC00516D4D /* Main.storyboard */,
				8F8281AD208F87BC00516D4D /* Assets.xcassets */,
				8F8281AF208F87BC00516D4D /* LaunchScreen.storyboard */,
				8F8281B2208F87BC00516D4D /* Info.plist */,
			);
			path = FoodTracker;
			sourceTree = "<group>";
		};
		8F8281BA208F87BD00516D4D /* FoodTrackerTests */ = {
			isa = PBXGroup;
			children = (
				8F8281BB208F87BD00516D4D /* FoodTrackerTests.swift */,
				8F8281BD208F87BD00516D4D /* Info.plist */,
			);
			path = FoodTrackerTests;
			sourceTree = "<group>";
		};
/* End PBXGroup section */

/* Begin PBXNativeTarget section */
		8F8281A2208F87BC00516D4D /* FoodTracker */ = {
			isa = PBXNativeTarget;
			buildConfigurationList = 8F8281C0208F87BD00516D4D /* Build configuration list for PBXNativeTarget "FoodTracker" */;
			buildPhases = (
				8F82819F208F87BC00516D4D /* Sources */,
				8F8281A0208F87BC00516D4D /* Frameworks */,
				8F8281A1208F87BC00516D4D /* Resources */,
			);
			buildRules = (
			);
			dependencies = (
			);
			name = FoodTracker;
			productName = FoodTracker;
			productReference = 8F8281A3208F87BC00516D4D /* FoodTracker.app */;
			productType = "com.apple.product-type.application";
		};
		8F8281B6208F87BD00516D4D /* FoodTrackerTests */ = {
			isa = PBXNativeTarget;
			buildConfigurationList = 8F8281C3208F87BD00516D4D /* Build configuration list for PBXNativeTarget "FoodTrackerTests" */;
			buildPhases = (
				8F8281B3208F87BD00516D4D /* Sources */,
				8F8281B4208F87BD00516D4D /* Frameworks */,
				8F8281B5208F87BD00516D4D /* Resources */,
			);
			buildRules = (
			);
			dependencies = (
				8F8281B9208F87BD00516D4D /* PBXTargetDependency */,
			);
			name = FoodTrackerTests;
			productName = FoodTrackerTests;
			productReference = 8F8281B7208F87BD00516D4D /* FoodTrackerTests.xctest */;
			productType = "com.apple.product-type.bundle.unit-test";
		};
/* End PBXNativeTarget section */

/* Begin PBXProject section */
		8F82819B208F87BC00516D4D /* Project object */ = {
			isa = PBXProject;
			attributes = {
				LastSwiftUpdateCheck = 0930;
				LastUpgradeCheck = 0930;
				ORGANIZATIONNAME = "Vo Huy";
				TargetAttributes = {
					8F8281A2208F87BC00516D4D = {
						CreatedOnToolsVersion = 9.3;
					};
					8F8281B6208F87BD00516D4D = {
						CreatedOnToolsVersion = 9.3;
						TestTargetID = 8F8281A2208F87BC00516D4D;
					};
				};
			};
			buildConfigurationList = 8F82819E208F87BC00516D4D /* Build configuration list for PBXProject "FoodTracker" */;
			compatibilityVersion = "Xcode 9.3";
			developmentRegion = en;
			hasScannedForEncodings = 0;
			knownRegions = (
				en,
				Base,
			);
			mainGroup = 8F82819A208F87BC00516D4D;
			productRefGroup = 8F8281A4208F87BC00516D4D /* Products */;
			projectDirPath = "";
			projectRoot = "";
			targets = (
				8F8281A2208F87BC00516D4D /* FoodTracker */,
				8F8281B6208F87BD00516D4D /* FoodTrackerTests */,
			);
		};
/* End PBXProject section */

/* Begin PBXResourcesBuildPhase section */
		8F8281A1208F87BC00516D4D /* Resources */ = {
			isa = PBXResourcesBuildPhase;
			buildActionMask = 2147483647;
			files = (
				8F8281B1208F87BC00516D4D /* LaunchScreen.storyboard in Resources */,
				8F8281AE208F87BC00516D4D /* Assets.xcassets in Resources */,
				8F8281AC208F87BC00516D4D /* Main.storyboard in Resources */,
			);
			runOnlyForDeploymentPostprocessing = 0;
		};
		8F8281B5208F87BD00516D4D /* Resources */ = {
			isa = PBXResourcesBuildPhase;
			buildActionMask = 2147483647;
			files = (
			);
			runOnlyForDeploymentPostprocessing = 0;
		};
/* End PBXResourcesBuildPhase section */

/* Begin PBXSourcesBuildPhase section */
		8F82819F208F87BC00516D4D /* Sources */ = {
			isa = PBXSourcesBuildPhase;
			buildActionMask = 2147483647;
			files = (
				8F7678D0209228800083058A /* Meal.swift in Sources */,
				8F8281A9208F87BC00516D4D /* MealViewController.swift in Sources */,
				8FD8CD85208FDF3B00CC6D87 /* RatingControl.swift in Sources */,
				8F8281A7208F87BC00516D4D /* AppDelegate.swift in Sources */,
				8F26C48220A10BAD00E9273C /* MealTableViewController.swift in Sources */,
				8F8DA9762093EA96008824FC /* MealTableViewCell.swift in Sources */,
			);
			runOnlyForDeploymentPostprocessing = 0;
		};
		8F8281B3208F87BD00516D4D /* Sources */ = {
			isa = PBXSourcesBuildPhase;
			buildActionMask = 2147483647;
			files = (
				8F8281BC208F87BD00516D4D /* FoodTrackerTests.swift in Sources */,
			);
			runOnlyForDeploymentPostprocessing = 0;
		};
/* End PBXSourcesBuildPhase section */

/* Begin PBXTargetDependency section */
		8F8281B9208F87BD00516D4D /* PBXTargetDependency */ = {
			isa = PBXTargetDependency;
			target = 8F8281A2208F87BC00516D4D /* FoodTracker */;
			targetProxy = 8F8281B8208F87BD00516D4D /* PBXContainerItemProxy */;
		};
/* End PBXTargetDependency section */

/* Begin PBXVariantGroup section */
		8F8281AA208F87BC00516D4D /* Main.storyboard */ = {
			isa = PBXVariantGroup;
			children = (
				8F8281AB208F87BC00516D4D /* Base */,
			);
			name = Main.storyboard;
			sourceTree = "<group>";
		};
		8F8281AF208F87BC00516D4D /* LaunchScreen.storyboard */ = {
			isa = PBXVariantGroup;
			children = (
				8F8281B0208F87BC00516D4D /* Base */,
			);
			name = LaunchScreen.storyboard;
			sourceTree = "<group>";
		};
/* End PBXVariantGroup section */

/* Begin XCBuildConfiguration section */
		8F8281BE208F87BD00516D4D /* Debug */ = {
			isa = XCBuildConfiguration;
			buildSettings = {
				ALWAYS_SEARCH_USER_PATHS = NO;
				CLANG_ANALYZER_NONNULL = YES;
				CLANG_ANALYZER_NUMBER_OBJECT_CONVERSION = YES_AGGRESSIVE;
				CLANG_CXX_LANGUAGE_STANDARD = "gnu++14";
				CLANG_CXX_LIBRARY = "libc++";
				CLANG_ENABLE_MODULES = YES;
				CLANG_ENABLE_OBJC_ARC = YES;
				CLANG_ENABLE_OBJC_WEAK = YES;
				CLANG_WARN_BLOCK_CAPTURE_AUTORELEASING = YES;
				CLANG_WARN_BOOL_CONVERSION = YES;
				CLANG_WARN_COMMA = YES;
				CLANG_WARN_CONSTANT_CONVERSION = YES;
				CLANG_WARN_DEPRECATED_OBJC_IMPLEMENTATIONS = YES;
				CLANG_WARN_DIRECT_OBJC_ISA_USAGE = YES_ERROR;
				CLANG_WARN_DOCUMENTATION_COMMENTS = YES;
				CLANG_WARN_EMPTY_BODY = YES;
				CLANG_WARN_ENUM_CONVERSION = YES;
				CLANG_WARN_INFINITE_RECURSION = YES;
				CLANG_WARN_INT_CONVERSION = YES;
				CLANG_WARN_NON_LITERAL_NULL_CONVERSION = YES;
				CLANG_WARN_OBJC_IMPLICIT_RETAIN_SELF = YES;
				CLANG_WARN_OBJC_LITERAL_CONVERSION = YES;
				CLANG_WARN_OBJC_ROOT_CLASS = YES_ERROR;
				CLANG_WARN_RANGE_LOOP_ANALYSIS = YES;
				CLANG_WARN_STRICT_PROTOTYPES = YES;
				CLANG_WARN_SUSPICIOUS_MOVE = YES;
				CLANG_WARN_UNGUARDED_AVAILABILITY = YES_AGGRESSIVE;
				CLANG_WARN_UNREACHABLE_CODE = YES;
				CLANG_WARN__DUPLICATE_METHOD_MATCH = YES;
				CODE_SIGN_IDENTITY = "iPhone Developer";
				COPY_PHASE_STRIP = NO;
				DEBUG_INFORMATION_FORMAT = dwarf;
				ENABLE_STRICT_OBJC_MSGSEND = YES;
				ENABLE_TESTABILITY = YES;
				GCC_C_LANGUAGE_STANDARD = gnu11;
				GCC_DYNAMIC_NO_PIC = NO;
				GCC_NO_COMMON_BLOCKS = YES;
				GCC_OPTIMIZATION_LEVEL = 0;
				GCC_PREPROCESSOR_DEFINITIONS = (
					"DEBUG=1",
					"$(inherited)",
				);
				GCC_WARN_64_TO_32_BIT_CONVERSION = YES;
				GCC_WARN_ABOUT_RETURN_TYPE = YES_ERROR;
				GCC_WARN_UNDECLARED_SELECTOR = YES;
				GCC_WARN_UNINITIALIZED_AUTOS = YES_AGGRESSIVE;
				GCC_WARN_UNUSED_FUNCTION = YES;
				GCC_WARN_UNUSED_VARIABLE = YES;
				IPHONEOS_DEPLOYMENT_TARGET = 11.3;
				MTL_ENABLE_DEBUG_INFO = YES;
				ONLY_ACTIVE_ARCH = YES;
				SDKROOT = iphoneos;
				SWIFT_ACTIVE_COMPILATION_CONDITIONS = DEBUG;
				SWIFT_OPTIMIZATION_LEVEL = "-Onone";
			};
			name = Debug;
		};
		8F8281BF208F87BD00516D4D /* Release */ = {
			isa = XCBuildConfiguration;
			buildSettings = {
				ALWAYS_SEARCH_USER_PATHS = NO;
				CLANG_ANALYZER_NONNULL = YES;
				CLANG_ANALYZER_NUMBER_OBJECT_CONVERSION = YES_AGGRESSIVE;
				CLANG_CXX_LANGUAGE_STANDARD = "gnu++14";
				CLANG_CXX_LIBRARY = "libc++";
				CLANG_ENABLE_MODULES = YES;
				CLANG_ENABLE_OBJC_ARC = YES;
				CLANG_ENABLE_OBJC_WEAK = YES;
				CLANG_WARN_BLOCK_CAPTURE_AUTORELEASING = YES;
				CLANG_WARN_BOOL_CONVERSION = YES;
				CLANG_WARN_COMMA = YES;
				CLANG_WARN_CONSTANT_CONVERSION = YES;
				CLANG_WARN_DEPRECATED_OBJC_IMPLEMENTATIONS = YES;
				CLANG_WARN_DIRECT_OBJC_ISA_USAGE = YES_ERROR;
				CLANG_WARN_DOCUMENTATION_COMMENTS = YES;
				CLANG_WARN_EMPTY_BODY = YES;
				CLANG_WARN_ENUM_CONVERSION = YES;
				CLANG_WARN_INFINITE_RECURSION = YES;
				CLANG_WARN_INT_CONVERSION = YES;
				CLANG_WARN_NON_LITERAL_NULL_CONVERSION = YES;
				CLANG_WARN_OBJC_IMPLICIT_RETAIN_SELF = YES;
				CLANG_WARN_OBJC_LITERAL_CONVERSION = YES;
				CLANG_WARN_OBJC_ROOT_CLASS = YES_ERROR;
				CLANG_WARN_RANGE_LOOP_ANALYSIS = YES;
				CLANG_WARN_STRICT_PROTOTYPES = YES;
				CLANG_WARN_SUSPICIOUS_MOVE = YES;
				CLANG_WARN_UNGUARDED_AVAILABILITY = YES_AGGRESSIVE;
				CLANG_WARN_UNREACHABLE_CODE = YES;
				CLANG_WARN__DUPLICATE_METHOD_MATCH = YES;
				CODE_SIGN_IDENTITY = "iPhone Developer";
				COPY_PHASE_STRIP = NO;
				DEBUG_INFORMATION_FORMAT = "dwarf-with-dsym";
				ENABLE_NS_ASSERTIONS = NO;
				ENABLE_STRICT_OBJC_MSGSEND = YES;
				GCC_C_LANGUAGE_STANDARD = gnu11;
				GCC_NO_COMMON_BLOCKS = YES;
				GCC_WARN_64_TO_32_BIT_CONVERSION = YES;
				GCC_WARN_ABOUT_RETURN_TYPE = YES_ERROR;
				GCC_WARN_UNDECLARED_SELECTOR = YES;
				GCC_WARN_UNINITIALIZED_AUTOS = YES_AGGRESSIVE;
				GCC_WARN_UNUSED_FUNCTION = YES;
				GCC_WARN_UNUSED_VARIABLE = YES;
				IPHONEOS_DEPLOYMENT_TARGET = 11.3;
				MTL_ENABLE_DEBUG_INFO = NO;
				SDKROOT = iphoneos;
				SWIFT_COMPILATION_MODE = wholemodule;
				SWIFT_OPTIMIZATION_LEVEL = "-O";
				VALIDATE_PRODUCT = YES;
			};
			name = Release;
		};
		8F8281C1208F87BD00516D4D /* Debug */ = {
			isa = XCBuildConfiguration;
			buildSettings = {
				ASSETCATALOG_COMPILER_APPICON_NAME = AppIcon;
				CODE_SIGN_STYLE = Automatic;
				DEVELOPMENT_TEAM = XG84P2VT48;
				INFOPLIST_FILE = FoodTracker/Info.plist;
				LD_RUNPATH_SEARCH_PATHS = (
					"$(inherited)",
					"@executable_path/Frameworks",
				);
				PRODUCT_BUNDLE_IDENTIFIER = com.skyz.FoodTracker;
				PRODUCT_NAME = "$(TARGET_NAME)";
				SWIFT_VERSION = 4.0;
				TARGETED_DEVICE_FAMILY = "1,2";
			};
			name = Debug;
		};
		8F8281C2208F87BD00516D4D /* Release */ = {
			isa = XCBuildConfiguration;
			buildSettings = {
				ASSETCATALOG_COMPILER_APPICON_NAME = AppIcon;
				CODE_SIGN_STYLE = Automatic;
				DEVELOPMENT_TEAM = XG84P2VT48;
				INFOPLIST_FILE = FoodTracker/Info.plist;
				LD_RUNPATH_SEARCH_PATHS = (
					"$(inherited)",
					"@executable_path/Frameworks",
				);
				PRODUCT_BUNDLE_IDENTIFIER = com.skyz.FoodTracker;
				PRODUCT_NAME = "$(TARGET_NAME)";
				SWIFT_VERSION = 4.0;
				TARGETED_DEVICE_FAMILY = "1,2";
			};
			name = Release;
		};
		8F8281C4208F87BD00516D4D /* Debug */ = {
			isa = XCBuildConfiguration;
			buildSettings = {
				ALWAYS_EMBED_SWIFT_STANDARD_LIBRARIES = YES;
				BUNDLE_LOADER = "$(TEST_HOST)";
				CODE_SIGN_STYLE = Automatic;
				DEVELOPMENT_TEAM = XG84P2VT48;
				INFOPLIST_FILE = FoodTrackerTests/Info.plist;
				LD_RUNPATH_SEARCH_PATHS = (
					"$(inherited)",
					"@executable_path/Frameworks",
					"@loader_path/Frameworks",
				);
				PRODUCT_BUNDLE_IDENTIFIER = com.example.FoodTrackerTests;
				PRODUCT_NAME = "$(TARGET_NAME)";
				SWIFT_VERSION = 4.0;
				TARGETED_DEVICE_FAMILY = "1,2";
				TEST_HOST = "$(BUILT_PRODUCTS_DIR)/FoodTracker.app/FoodTracker";
			};
			name = Debug;
		};
		8F8281C5208F87BD00516D4D /* Release */ = {
			isa = XCBuildConfiguration;
			buildSettings = {
				ALWAYS_EMBED_SWIFT_STANDARD_LIBRARIES = YES;
				BUNDLE_LOADER = "$(TEST_HOST)";
				CODE_SIGN_STYLE = Automatic;
				DEVELOPMENT_TEAM = XG84P2VT48;
				INFOPLIST_FILE = FoodTrackerTests/Info.plist;
				LD_RUNPATH_SEARCH_PATHS = (
					"$(inherited)",
					"@executable_path/Frameworks",
					"@loader_path/Frameworks",
				);
				PRODUCT_BUNDLE_IDENTIFIER = com.example.FoodTrackerTests;
				PRODUCT_NAME = "$(TARGET_NAME)";
				SWIFT_VERSION = 4.0;
				TARGETED_DEVICE_FAMILY = "1,2";
				TEST_HOST = "$(BUILT_PRODUCTS_DIR)/FoodTracker.app/FoodTracker";
			};
			name = Release;
		};
/* End XCBuildConfiguration section */

/* Begin XCConfigurationList section */
		8F82819E208F87BC00516D4D /* Build configuration list for PBXProject "FoodTracker" */ = {
			isa = XCConfigurationList;
			buildConfigurations = (
				8F8281BE208F87BD00516D4D /* Debug */,
				8F8281BF208F87BD00516D4D /* Release */,
			);
			defaultConfigurationIsVisible = 0;
			defaultConfigurationName = Release;
		};
		8F8281C0208F87BD00516D4D /* Build configuration list for PBXNativeTarget "FoodTracker" */ = {
			isa = XCConfigurationList;
			buildConfigurations = (
				8F8281C1208F87BD00516D4D /* Debug */,
				8F8281C2208F87BD00516D4D /* Release */,
			);
			defaultConfigurationIsVisible = 0;
			defaultConfigurationName = Release;
		};
		8F8281C3208F87BD00516D4D /* Build configuration list for PBXNativeTarget "FoodTrackerTests" */ = {
			isa = XCConfigurationList;
			buildConfigurations = (
				8F8281C4208F87BD00516D4D /* Debug */,
				8F8281C5208F87BD00516D4D /* Release */,
			);
			defaultConfigurationIsVisible = 0;
			defaultConfigurationName = Release;
		};
/* End XCConfigurationList section */
	};
	rootObject = 8F82819B208F87BC00516D4D /* Project object */;
}
