// !$*UTF8*$!
{
	archiveVersion = 1;
	classes = {
	};
	objectVersion = 50;
	objects = {

/* Begin PBXBuildFile section */
		8FD6115620E196DC00CC272B /* AppDelegate.swift in Sources */ = {isa = PBXBuildFile; fileRef = 8FD6115520E196DC00CC272B /* AppDelegate.swift */; };
		8FD6115820E196DC00CC272B /* ViewController.swift in Sources */ = {isa = PBXBuildFile; fileRef = 8FD6115720E196DC00CC272B /* ViewController.swift */; };
		8FD6115B20E196DC00CC272B /* Main.storyboard in Resources */ = {isa = PBXBuildFile; fileRef = 8FD6115920E196DC00CC272B /* Main.storyboard */; };
		8FD6115D20E196DD00CC272B /* Assets.xcassets in Resources */ = {isa = PBXBuildFile; fileRef = 8FD6115C20E196DD00CC272B /* Assets.xcassets */; };
		8FD6116020E196DD00CC272B /* LaunchScreen.storyboard in Resources */ = {isa = PBXBuildFile; fileRef = 8FD6115E20E196DD00CC272B /* LaunchScreen.storyboard */; };
		8FD6116920E1982600CC272B /* MapKit.framework in Frameworks */ = {isa = PBXBuildFile; fileRef = 8FD6116820E1982600CC272B /* MapKit.framework */; };
		8FD6116B20E19B9C00CC272B /* Capital.swift in Sources */ = {isa = PBXBuildFile; fileRef = 8FD6116A20E19B9C00CC272B /* Capital.swift */; };
/* End PBXBuildFile section */

/* Begin PBXFileReference section */
		8FD6115220E196DC00CC272B /* Capital Cities.app */ = {isa = PBXFileReference; explicitFileType = wrapper.application; includeInIndex = 0; path = "Capital Cities.app"; sourceTree = BUILT_PRODUCTS_DIR; };
		8FD6115520E196DC00CC272B /* AppDelegate.swift */ = {isa = PBXFileReference; lastKnownFileType = sourcecode.swift; path = AppDelegate.swift; sourceTree = "<group>"; };
		8FD6115720E196DC00CC272B /* ViewController.swift */ = {isa = PBXFileReference; lastKnownFileType = sourcecode.swift; path = ViewController.swift; sourceTree = "<group>"; };
		8FD6115A20E196DC00CC272B /* Base */ = {isa = PBXFileReference; lastKnownFileType = file.storyboard; name = Base; path = Base.lproj/Main.storyboard; sourceTree = "<group>"; };
		8FD6115C20E196DD00CC272B /* Assets.xcassets */ = {isa = PBXFileReference; lastKnownFileType = folder.assetcatalog; path = Assets.xcassets; sourceTree = "<group>"; };
		8FD6115F20E196DD00CC272B /* Base */ = {isa = PBXFileReference; lastKnownFileType = file.storyboard; name = Base; path = Base.lproj/LaunchScreen.storyboard; sourceTree = "<group>"; };
		8FD6116120E196DD00CC272B /* Info.plist */ = {isa = PBXFileReference; lastKnownFileType = text.plist.xml; path = Info.plist; sourceTree = "<group>"; };
		8FD6116820E1982600CC272B /* MapKit.framework */ = {isa = PBXFileReference; lastKnownFileType = wrapper.framework; name = MapKit.framework; path = System/Library/Frameworks/MapKit.framework; sourceTree = SDKROOT; };
		8FD6116A20E19B9C00CC272B /* Capital.swift */ = {isa = PBXFileReference; lastKnownFileType = sourcecode.swift; path = Capital.swift; sourceTree = "<group>"; };
/* End PBXFileReference section */

/* Begin PBXFrameworksBuildPhase section */
		8FD6114F20E196DC00CC272B /* Frameworks */ = {
			isa = PBXFrameworksBuildPhase;
			buildActionMask = 2147483647;
			files = (
				8FD6116920E1982600CC272B /* MapKit.framework in Frameworks */,
			);
			runOnlyForDeploymentPostprocessing = 0;
		};
/* End PBXFrameworksBuildPhase section */

/* Begin PBXGroup section */
		8FD6114920E196DC00CC272B = {
			isa = PBXGroup;
			children = (
				8FD6115420E196DC00CC272B /* Capital Cities */,
				8FD6115320E196DC00CC272B /* Products */,
				8FD6116720E1982600CC272B /* Frameworks */,
			);
			sourceTree = "<group>";
		};
		8FD6115320E196DC00CC272B /* Products */ = {
			isa = PBXGroup;
			children = (
				8FD6115220E196DC00CC272B /* Capital Cities.app */,
			);
			name = Products;
			sourceTree = "<group>";
		};
		8FD6115420E196DC00CC272B /* Capital Cities */ = {
			isa = PBXGroup;
			children = (
				8FD6115520E196DC00CC272B /* AppDelegate.swift */,
				8FD6115720E196DC00CC272B /* ViewController.swift */,
				8FD6115920E196DC00CC272B /* Main.storyboard */,
				8FD6116A20E19B9C00CC272B /* Capital.swift */,
				8FD6115C20E196DD00CC272B /* Assets.xcassets */,
				8FD6115E20E196DD00CC272B /* LaunchScreen.storyboard */,
				8FD6116120E196DD00CC272B /* Info.plist */,
			);
			path = "Capital Cities";
			sourceTree = "<group>";
		};
		8FD6116720E1982600CC272B /* Frameworks */ = {
			isa = PBXGroup;
			children = (
				8FD6116820E1982600CC272B /* MapKit.framework */,
			);
			name = Frameworks;
			sourceTree = "<group>";
		};
/* End PBXGroup section */

/* Begin PBXNativeTarget section */
		8FD6115120E196DC00CC272B /* Capital Cities */ = {
			isa = PBXNativeTarget;
			buildConfigurationList = 8FD6116420E196DD00CC272B /* Build configuration list for PBXNativeTarget "Capital Cities" */;
			buildPhases = (
				8FD6114E20E196DC00CC272B /* Sources */,
				8FD6114F20E196DC00CC272B /* Frameworks */,
				8FD6115020E196DC00CC272B /* Resources */,
			);
			buildRules = (
			);
			dependencies = (
			);
			name = "Capital Cities";
			productName = "Capital Cities";
			productReference = 8FD6115220E196DC00CC272B /* Capital Cities.app */;
			productType = "com.apple.product-type.application";
		};
/* End PBXNativeTarget section */

/* Begin PBXProject section */
		8FD6114A20E196DC00CC272B /* Project object */ = {
			isa = PBXProject;
			attributes = {
				LastSwiftUpdateCheck = 0930;
				LastUpgradeCheck = 0930;
				ORGANIZATIONNAME = "Vo Huy";
				TargetAttributes = {
					8FD6115120E196DC00CC272B = {
						CreatedOnToolsVersion = 9.3;
						SystemCapabilities = {
							com.apple.Maps.iOS = {
								enabled = 1;
							};
						};
					};
				};
			};
			buildConfigurationList = 8FD6114D20E196DC00CC272B /* Build configuration list for PBXProject "Capital Cities" */;
			compatibilityVersion = "Xcode 9.3";
			developmentRegion = en;
			hasScannedForEncodings = 0;
			knownRegions = (
				en,
				Base,
			);
			mainGroup = 8FD6114920E196DC00CC272B;
			productRefGroup = 8FD6115320E196DC00CC272B /* Products */;
			projectDirPath = "";
			projectRoot = "";
			targets = (
				8FD6115120E196DC00CC272B /* Capital Cities */,
			);
		};
/* End PBXProject section */

/* Begin PBXResourcesBuildPhase section */
		8FD6115020E196DC00CC272B /* Resources */ = {
			isa = PBXResourcesBuildPhase;
			buildActionMask = 2147483647;
			files = (
				8FD6116020E196DD00CC272B /* LaunchScreen.storyboard in Resources */,
				8FD6115D20E196DD00CC272B /* Assets.xcassets in Resources */,
				8FD6115B20E196DC00CC272B /* Main.storyboard in Resources */,
			);
			runOnlyForDeploymentPostprocessing = 0;
		};
/* End PBXResourcesBuildPhase section */

/* Begin PBXSourcesBuildPhase section */
		8FD6114E20E196DC00CC272B /* Sources */ = {
			isa = PBXSourcesBuildPhase;
			buildActionMask = 2147483647;
			files = (
				8FD6115820E196DC00CC272B /* ViewController.swift in Sources */,
				8FD6115620E196DC00CC272B /* AppDelegate.swift in Sources */,
				8FD6116B20E19B9C00CC272B /* Capital.swift in Sources */,
			);
			runOnlyForDeploymentPostprocessing = 0;
		};
/* End PBXSourcesBuildPhase section */

/* Begin PBXVariantGroup section */
		8FD6115920E196DC00CC272B /* Main.storyboard */ = {
			isa = PBXVariantGroup;
			children = (
				8FD6115A20E196DC00CC272B /* Base */,
			);
			name = Main.storyboard;
			sourceTree = "<group>";
		};
		8FD6115E20E196DD00CC272B /* LaunchScreen.storyboard */ = {
			isa = PBXVariantGroup;
			children = (
				8FD6115F20E196DD00CC272B /* Base */,
			);
			name = LaunchScreen.storyboard;
			sourceTree = "<group>";
		};
/* End PBXVariantGroup section */

/* Begin XCBuildConfiguration section */
		8FD6116220E196DD00CC272B /* Debug */ = {
			isa = XCBuildConfiguration;
			buildSettings = {
				ALWAYS_SEARCH_USER_PATHS = NO;
				CLANG_ANALYZER_NONNULL = YES;
				CLANG_ANALYZER_NUMBER_OBJECT_CONVERSION = YES_AGGRESSIVE;
				CLANG_CXX_LANGUAGE_STANDARD = "gnu++14";
				CLANG_CXX_LIBRARY = "libc++";
				CLANG_ENABLE_MODULES = YES;
				CLANG_ENABLE_OBJC_ARC = YES;
				CLANG_ENABLE_OBJC_WEAK = YES;
				CLANG_WARN_BLOCK_CAPTURE_AUTORELEASING = YES;
				CLANG_WARN_BOOL_CONVERSION = YES;
				CLANG_WARN_COMMA = YES;
				CLANG_WARN_CONSTANT_CONVERSION = YES;
				CLANG_WARN_DEPRECATED_OBJC_IMPLEMENTATIONS = YES;
				CLANG_WARN_DIRECT_OBJC_ISA_USAGE = YES_ERROR;
				CLANG_WARN_DOCUMENTATION_COMMENTS = YES;
				CLANG_WARN_EMPTY_BODY = YES;
				CLANG_WARN_ENUM_CONVERSION = YES;
				CLANG_WARN_INFINITE_RECURSION = YES;
				CLANG_WARN_INT_CONVERSION = YES;
				CLANG_WARN_NON_LITERAL_NULL_CONVERSION = YES;
				CLANG_WARN_OBJC_IMPLICIT_RETAIN_SELF = YES;
				CLANG_WARN_OBJC_LITERAL_CONVERSION = YES;
				CLANG_WARN_OBJC_ROOT_CLASS = YES_ERROR;
				CLANG_WARN_RANGE_LOOP_ANALYSIS = YES;
				CLANG_WARN_STRICT_PROTOTYPES = YES;
				CLANG_WARN_SUSPICIOUS_MOVE = YES;
				CLANG_WARN_UNGUARDED_AVAILABILITY = YES_AGGRESSIVE;
				CLANG_WARN_UNREACHABLE_CODE = YES;
				CLANG_WARN__DUPLICATE_METHOD_MATCH = YES;
				CODE_SIGN_IDENTITY = "iPhone Developer";
				COPY_PHASE_STRIP = NO;
				DEBUG_INFORMATION_FORMAT = dwarf;
				ENABLE_STRICT_OBJC_MSGSEND = YES;
				ENABLE_TESTABILITY = YES;
				GCC_C_LANGUAGE_STANDARD = gnu11;
				GCC_DYNAMIC_NO_PIC = NO;
				GCC_NO_COMMON_BLOCKS = YES;
				GCC_OPTIMIZATION_LEVEL = 0;
				GCC_PREPROCESSOR_DEFINITIONS = (
					"DEBUG=1",
					"$(inherited)",
				);
				GCC_WARN_64_TO_32_BIT_CONVERSION = YES;
				GCC_WARN_ABOUT_RETURN_TYPE = YES_ERROR;
				GCC_WARN_UNDECLARED_SELECTOR = YES;
				GCC_WARN_UNINITIALIZED_AUTOS = YES_AGGRESSIVE;
				GCC_WARN_UNUSED_FUNCTION = YES;
				GCC_WARN_UNUSED_VARIABLE = YES;
				IPHONEOS_DEPLOYMENT_TARGET = 11.3;
				MTL_ENABLE_DEBUG_INFO = YES;
				ONLY_ACTIVE_ARCH = YES;
				SDKROOT = iphoneos;
				SWIFT_ACTIVE_COMPILATION_CONDITIONS = DEBUG;
				SWIFT_OPTIMIZATION_LEVEL = "-Onone";
			};
			name = Debug;
		};
		8FD6116320E196DD00CC272B /* Release */ = {
			isa = XCBuildConfiguration;
			buildSettings = {
				ALWAYS_SEARCH_USER_PATHS = NO;
				CLANG_ANALYZER_NONNULL = YES;
				CLANG_ANALYZER_NUMBER_OBJECT_CONVERSION = YES_AGGRESSIVE;
				CLANG_CXX_LANGUAGE_STANDARD = "gnu++14";
				CLANG_CXX_LIBRARY = "libc++";
				CLANG_ENABLE_MODULES = YES;
				CLANG_ENABLE_OBJC_ARC = YES;
				CLANG_ENABLE_OBJC_WEAK = YES;
				CLANG_WARN_BLOCK_CAPTURE_AUTORELEASING = YES;
				CLANG_WARN_BOOL_CONVERSION = YES;
				CLANG_WARN_COMMA = YES;
				CLANG_WARN_CONSTANT_CONVERSION = YES;
				CLANG_WARN_DEPRECATED_OBJC_IMPLEMENTATIONS = YES;
				CLANG_WARN_DIRECT_OBJC_ISA_USAGE = YES_ERROR;
				CLANG_WARN_DOCUMENTATION_COMMENTS = YES;
				CLANG_WARN_EMPTY_BODY = YES;
				CLANG_WARN_ENUM_CONVERSION = YES;
				CLANG_WARN_INFINITE_RECURSION = YES;
				CLANG_WARN_INT_CONVERSION = YES;
				CLANG_WARN_NON_LITERAL_NULL_CONVERSION = YES;
				CLANG_WARN_OBJC_IMPLICIT_RETAIN_SELF = YES;
				CLANG_WARN_OBJC_LITERAL_CONVERSION = YES;
				CLANG_WARN_OBJC_ROOT_CLASS = YES_ERROR;
				CLANG_WARN_RANGE_LOOP_ANALYSIS = YES;
				CLANG_WARN_STRICT_PROTOTYPES = YES;
				CLANG_WARN_SUSPICIOUS_MOVE = YES;
				CLANG_WARN_UNGUARDED_AVAILABILITY = YES_AGGRESSIVE;
				CLANG_WARN_UNREACHABLE_CODE = YES;
				CLANG_WARN__DUPLICATE_METHOD_MATCH = YES;
				CODE_SIGN_IDENTITY = "iPhone Developer";
				COPY_PHASE_STRIP = NO;
				DEBUG_INFORMATION_FORMAT = "dwarf-with-dsym";
				ENABLE_NS_ASSERTIONS = NO;
				ENABLE_STRICT_OBJC_MSGSEND = YES;
				GCC_C_LANGUAGE_STANDARD = gnu11;
				GCC_NO_COMMON_BLOCKS = YES;
				GCC_WARN_64_TO_32_BIT_CONVERSION = YES;
				GCC_WARN_ABOUT_RETURN_TYPE = YES_ERROR;
				GCC_WARN_UNDECLARED_SELECTOR = YES;
				GCC_WARN_UNINITIALIZED_AUTOS = YES_AGGRESSIVE;
				GCC_WARN_UNUSED_FUNCTION = YES;
				GCC_WARN_UNUSED_VARIABLE = YES;
				IPHONEOS_DEPLOYMENT_TARGET = 11.3;
				MTL_ENABLE_DEBUG_INFO = NO;
				SDKROOT = iphoneos;
				SWIFT_COMPILATION_MODE = wholemodule;
				SWIFT_OPTIMIZATION_LEVEL = "-O";
				VALIDATE_PRODUCT = YES;
			};
			name = Release;
		};
		8FD6116520E196DD00CC272B /* Debug */ = {
			isa = XCBuildConfiguration;
			buildSettings = {
				ASSETCATALOG_COMPILER_APPICON_NAME = AppIcon;
				CODE_SIGN_STYLE = Automatic;
				DEVELOPMENT_TEAM = XG84P2VT48;
				INFOPLIST_FILE = "Capital Cities/Info.plist";
				LD_RUNPATH_SEARCH_PATHS = (
					"$(inherited)",
					"@executable_path/Frameworks",
				);
				PRODUCT_BUNDLE_IDENTIFIER = "com.voxqhuy.Capital-Cities";
				PRODUCT_NAME = "$(TARGET_NAME)";
				SWIFT_VERSION = 4.0;
				TARGETED_DEVICE_FAMILY = "1,2";
			};
			name = Debug;
		};
		8FD6116620E196DD00CC272B /* Release */ = {
			isa = XCBuildConfiguration;
			buildSettings = {
				ASSETCATALOG_COMPILER_APPICON_NAME = AppIcon;
				CODE_SIGN_STYLE = Automatic;
				DEVELOPMENT_TEAM = XG84P2VT48;
				INFOPLIST_FILE = "Capital Cities/Info.plist";
				LD_RUNPATH_SEARCH_PATHS = (
					"$(inherited)",
					"@executable_path/Frameworks",
				);
				PRODUCT_BUNDLE_IDENTIFIER = "com.voxqhuy.Capital-Cities";
				PRODUCT_NAME = "$(TARGET_NAME)";
				SWIFT_VERSION = 4.0;
				TARGETED_DEVICE_FAMILY = "1,2";
			};
			name = Release;
		};
/* End XCBuildConfiguration section */

/* Begin XCConfigurationList section */
		8FD6114D20E196DC00CC272B /* Build configuration list for PBXProject "Capital Cities" */ = {
			isa = XCConfigurationList;
			buildConfigurations = (
				8FD6116220E196DD00CC272B /* Debug */,
				8FD6116320E196DD00CC272B /* Release */,
			);
			defaultConfigurationIsVisible = 0;
			defaultConfigurationName = Release;
		};
		8FD6116420E196DD00CC272B /* Build configuration list for PBXNativeTarget "Capital Cities" */ = {
			isa = XCConfigurationList;
			buildConfigurations = (
				8FD6116520E196DD00CC272B /* Debug */,
				8FD6116620E196DD00CC272B /* Release */,
			);
			defaultConfigurationIsVisible = 0;
			defaultConfigurationName = Release;
		};
/* End XCConfigurationList section */
	};
	rootObject = 8FD6114A20E196DC00CC272B /* Project object */;
}
