// !$*UTF8*$!
{
	archiveVersion = 1;
	classes = {
	};
	objectVersion = 50;
	objects = {

/* Begin PBXBuildFile section */
		8FA3738620D9688B00EFACAF /* AppDelegate.swift in Sources */ = {isa = PBXBuildFile; fileRef = 8FA3738520D9688B00EFACAF /* AppDelegate.swift */; };
		8FA3738820D9688B00EFACAF /* ViewController.swift in Sources */ = {isa = PBXBuildFile; fileRef = 8FA3738720D9688B00EFACAF /* ViewController.swift */; };
		8FA3738B20D9688B00EFACAF /* Main.storyboard in Resources */ = {isa = PBXBuildFile; fileRef = 8FA3738920D9688B00EFACAF /* Main.storyboard */; };
		8FA3738D20D9688C00EFACAF /* Assets.xcassets in Resources */ = {isa = PBXBuildFile; fileRef = 8FA3738C20D9688C00EFACAF /* Assets.xcassets */; };
		8FA3739020D9688C00EFACAF /* LaunchScreen.storyboard in Resources */ = {isa = PBXBuildFile; fileRef = 8FA3738E20D9688C00EFACAF /* LaunchScreen.storyboard */; };
		8FA3739820D9741800EFACAF /* PersonCell.swift in Sources */ = {isa = PBXBuildFile; fileRef = 8FA3739720D9741800EFACAF /* PersonCell.swift */; };
		8FA3739A20D975AB00EFACAF /* PeopleData.swift in Sources */ = {isa = PBXBuildFile; fileRef = 8FA3739920D975AB00EFACAF /* PeopleData.swift */; };
		8FA3739C20D97EF400EFACAF /* Person.swift in Sources */ = {isa = PBXBuildFile; fileRef = 8FA3739B20D97EF400EFACAF /* Person.swift */; };
		8FA3739E20D982BC00EFACAF /* Utils.swift in Sources */ = {isa = PBXBuildFile; fileRef = 8FA3739D20D982BC00EFACAF /* Utils.swift */; };
/* End PBXBuildFile section */

/* Begin PBXFileReference section */
		8FA3738220D9688B00EFACAF /* NamesToSpaces.app */ = {isa = PBXFileReference; explicitFileType = wrapper.application; includeInIndex = 0; path = NamesToSpaces.app; sourceTree = BUILT_PRODUCTS_DIR; };
		8FA3738520D9688B00EFACAF /* AppDelegate.swift */ = {isa = PBXFileReference; lastKnownFileType = sourcecode.swift; path = AppDelegate.swift; sourceTree = "<group>"; };
		8FA3738720D9688B00EFACAF /* ViewController.swift */ = {isa = PBXFileReference; lastKnownFileType = sourcecode.swift; path = ViewController.swift; sourceTree = "<group>"; };
		8FA3738A20D9688B00EFACAF /* Base */ = {isa = PBXFileReference; lastKnownFileType = file.storyboard; name = Base; path = Base.lproj/Main.storyboard; sourceTree = "<group>"; };
		8FA3738C20D9688C00EFACAF /* Assets.xcassets */ = {isa = PBXFileReference; lastKnownFileType = folder.assetcatalog; path = Assets.xcassets; sourceTree = "<group>"; };
		8FA3738F20D9688C00EFACAF /* Base */ = {isa = PBXFileReference; lastKnownFileType = file.storyboard; name = Base; path = Base.lproj/LaunchScreen.storyboard; sourceTree = "<group>"; };
		8FA3739120D9688C00EFACAF /* Info.plist */ = {isa = PBXFileReference; lastKnownFileType = text.plist.xml; path = Info.plist; sourceTree = "<group>"; };
		8FA3739720D9741800EFACAF /* PersonCell.swift */ = {isa = PBXFileReference; lastKnownFileType = sourcecode.swift; path = PersonCell.swift; sourceTree = "<group>"; };
		8FA3739920D975AB00EFACAF /* PeopleData.swift */ = {isa = PBXFileReference; lastKnownFileType = sourcecode.swift; path = PeopleData.swift; sourceTree = "<group>"; };
		8FA3739B20D97EF400EFACAF /* Person.swift */ = {isa = PBXFileReference; lastKnownFileType = sourcecode.swift; path = Person.swift; sourceTree = "<group>"; };
		8FA3739D20D982BC00EFACAF /* Utils.swift */ = {isa = PBXFileReference; lastKnownFileType = sourcecode.swift; path = Utils.swift; sourceTree = "<group>"; };
/* End PBXFileReference section */

/* Begin PBXFrameworksBuildPhase section */
		8FA3737F20D9688B00EFACAF /* Frameworks */ = {
			isa = PBXFrameworksBuildPhase;
			buildActionMask = 2147483647;
			files = (
			);
			runOnlyForDeploymentPostprocessing = 0;
		};
/* End PBXFrameworksBuildPhase section */

/* Begin PBXGroup section */
		8FA3737920D9688B00EFACAF = {
			isa = PBXGroup;
			children = (
				8FA3738420D9688B00EFACAF /* NamesToSpaces */,
				8FA3738320D9688B00EFACAF /* Products */,
			);
			sourceTree = "<group>";
		};
		8FA3738320D9688B00EFACAF /* Products */ = {
			isa = PBXGroup;
			children = (
				8FA3738220D9688B00EFACAF /* NamesToSpaces.app */,
			);
			name = Products;
			sourceTree = "<group>";
		};
		8FA3738420D9688B00EFACAF /* NamesToSpaces */ = {
			isa = PBXGroup;
			children = (
				8FA3738520D9688B00EFACAF /* AppDelegate.swift */,
				8FA3738720D9688B00EFACAF /* ViewController.swift */,
				8FA3739D20D982BC00EFACAF /* Utils.swift */,
				8FA3738920D9688B00EFACAF /* Main.storyboard */,
				8FA3739920D975AB00EFACAF /* PeopleData.swift */,
				8FA3739720D9741800EFACAF /* PersonCell.swift */,
				8FA3739B20D97EF400EFACAF /* Person.swift */,
				8FA3738C20D9688C00EFACAF /* Assets.xcassets */,
				8FA3738E20D9688C00EFACAF /* LaunchScreen.storyboard */,
				8FA3739120D9688C00EFACAF /* Info.plist */,
			);
			path = NamesToSpaces;
			sourceTree = "<group>";
		};
/* End PBXGroup section */

/* Begin PBXNativeTarget section */
		8FA3738120D9688B00EFACAF /* NamesToSpaces */ = {
			isa = PBXNativeTarget;
			buildConfigurationList = 8FA3739420D9688C00EFACAF /* Build configuration list for PBXNativeTarget "NamesToSpaces" */;
			buildPhases = (
				8FA3737E20D9688B00EFACAF /* Sources */,
				8FA3737F20D9688B00EFACAF /* Frameworks */,
				8FA3738020D9688B00EFACAF /* Resources */,
			);
			buildRules = (
			);
			dependencies = (
			);
			name = NamesToSpaces;
			productName = NamesToSpaces;
			productReference = 8FA3738220D9688B00EFACAF /* NamesToSpaces.app */;
			productType = "com.apple.product-type.application";
		};
/* End PBXNativeTarget section */

/* Begin PBXProject section */
		8FA3737A20D9688B00EFACAF /* Project object */ = {
			isa = PBXProject;
			attributes = {
				LastSwiftUpdateCheck = 0930;
				LastUpgradeCheck = 0930;
				ORGANIZATIONNAME = "Vo Huy";
				TargetAttributes = {
					8FA3738120D9688B00EFACAF = {
						CreatedOnToolsVersion = 9.3;
					};
				};
			};
			buildConfigurationList = 8FA3737D20D9688B00EFACAF /* Build configuration list for PBXProject "NamesToSpaces" */;
			compatibilityVersion = "Xcode 9.3";
			developmentRegion = en;
			hasScannedForEncodings = 0;
			knownRegions = (
				en,
				Base,
			);
			mainGroup = 8FA3737920D9688B00EFACAF;
			productRefGroup = 8FA3738320D9688B00EFACAF /* Products */;
			projectDirPath = "";
			projectRoot = "";
			targets = (
				8FA3738120D9688B00EFACAF /* NamesToSpaces */,
			);
		};
/* End PBXProject section */

/* Begin PBXResourcesBuildPhase section */
		8FA3738020D9688B00EFACAF /* Resources */ = {
			isa = PBXResourcesBuildPhase;
			buildActionMask = 2147483647;
			files = (
				8FA3739020D9688C00EFACAF /* LaunchScreen.storyboard in Resources */,
				8FA3738D20D9688C00EFACAF /* Assets.xcassets in Resources */,
				8FA3738B20D9688B00EFACAF /* Main.storyboard in Resources */,
			);
			runOnlyForDeploymentPostprocessing = 0;
		};
/* End PBXResourcesBuildPhase section */

/* Begin PBXSourcesBuildPhase section */
		8FA3737E20D9688B00EFACAF /* Sources */ = {
			isa = PBXSourcesBuildPhase;
			buildActionMask = 2147483647;
			files = (
				8FA3739C20D97EF400EFACAF /* Person.swift in Sources */,
				8FA3739820D9741800EFACAF /* PersonCell.swift in Sources */,
				8FA3738820D9688B00EFACAF /* ViewController.swift in Sources */,
				8FA3739A20D975AB00EFACAF /* PeopleData.swift in Sources */,
				8FA3738620D9688B00EFACAF /* AppDelegate.swift in Sources */,
				8FA3739E20D982BC00EFACAF /* Utils.swift in Sources */,
			);
			runOnlyForDeploymentPostprocessing = 0;
		};
/* End PBXSourcesBuildPhase section */

/* Begin PBXVariantGroup section */
		8FA3738920D9688B00EFACAF /* Main.storyboard */ = {
			isa = PBXVariantGroup;
			children = (
				8FA3738A20D9688B00EFACAF /* Base */,
			);
			name = Main.storyboard;
			sourceTree = "<group>";
		};
		8FA3738E20D9688C00EFACAF /* LaunchScreen.storyboard */ = {
			isa = PBXVariantGroup;
			children = (
				8FA3738F20D9688C00EFACAF /* Base */,
			);
			name = LaunchScreen.storyboard;
			sourceTree = "<group>";
		};
/* End PBXVariantGroup section */

/* Begin XCBuildConfiguration section */
		8FA3739220D9688C00EFACAF /* Debug */ = {
			isa = XCBuildConfiguration;
			buildSettings = {
				ALWAYS_SEARCH_USER_PATHS = NO;
				CLANG_ANALYZER_NONNULL = YES;
				CLANG_ANALYZER_NUMBER_OBJECT_CONVERSION = YES_AGGRESSIVE;
				CLANG_CXX_LANGUAGE_STANDARD = "gnu++14";
				CLANG_CXX_LIBRARY = "libc++";
				CLANG_ENABLE_MODULES = YES;
				CLANG_ENABLE_OBJC_ARC = YES;
				CLANG_ENABLE_OBJC_WEAK = YES;
				CLANG_WARN_BLOCK_CAPTURE_AUTORELEASING = YES;
				CLANG_WARN_BOOL_CONVERSION = YES;
				CLANG_WARN_COMMA = YES;
				CLANG_WARN_CONSTANT_CONVERSION = YES;
				CLANG_WARN_DEPRECATED_OBJC_IMPLEMENTATIONS = YES;
				CLANG_WARN_DIRECT_OBJC_ISA_USAGE = YES_ERROR;
				CLANG_WARN_DOCUMENTATION_COMMENTS = YES;
				CLANG_WARN_EMPTY_BODY = YES;
				CLANG_WARN_ENUM_CONVERSION = YES;
				CLANG_WARN_INFINITE_RECURSION = YES;
				CLANG_WARN_INT_CONVERSION = YES;
				CLANG_WARN_NON_LITERAL_NULL_CONVERSION = YES;
				CLANG_WARN_OBJC_IMPLICIT_RETAIN_SELF = YES;
				CLANG_WARN_OBJC_LITERAL_CONVERSION = YES;
				CLANG_WARN_OBJC_ROOT_CLASS = YES_ERROR;
				CLANG_WARN_RANGE_LOOP_ANALYSIS = YES;
				CLANG_WARN_STRICT_PROTOTYPES = YES;
				CLANG_WARN_SUSPICIOUS_MOVE = YES;
				CLANG_WARN_UNGUARDED_AVAILABILITY = YES_AGGRESSIVE;
				CLANG_WARN_UNREACHABLE_CODE = YES;
				CLANG_WARN__DUPLICATE_METHOD_MATCH = YES;
				CODE_SIGN_IDENTITY = "iPhone Developer";
				COPY_PHASE_STRIP = NO;
				DEBUG_INFORMATION_FORMAT = dwarf;
				ENABLE_STRICT_OBJC_MSGSEND = YES;
				ENABLE_TESTABILITY = YES;
				GCC_C_LANGUAGE_STANDARD = gnu11;
				GCC_DYNAMIC_NO_PIC = NO;
				GCC_NO_COMMON_BLOCKS = YES;
				GCC_OPTIMIZATION_LEVEL = 0;
				GCC_PREPROCESSOR_DEFINITIONS = (
					"DEBUG=1",
					"$(inherited)",
				);
				GCC_WARN_64_TO_32_BIT_CONVERSION = YES;
				GCC_WARN_ABOUT_RETURN_TYPE = YES_ERROR;
				GCC_WARN_UNDECLARED_SELECTOR = YES;
				GCC_WARN_UNINITIALIZED_AUTOS = YES_AGGRESSIVE;
				GCC_WARN_UNUSED_FUNCTION = YES;
				GCC_WARN_UNUSED_VARIABLE = YES;
				IPHONEOS_DEPLOYMENT_TARGET = 11.3;
				MTL_ENABLE_DEBUG_INFO = YES;
				ONLY_ACTIVE_ARCH = YES;
				SDKROOT = iphoneos;
				SWIFT_ACTIVE_COMPILATION_CONDITIONS = DEBUG;
				SWIFT_OPTIMIZATION_LEVEL = "-Onone";
			};
			name = Debug;
		};
		8FA3739320D9688C00EFACAF /* Release */ = {
			isa = XCBuildConfiguration;
			buildSettings = {
				ALWAYS_SEARCH_USER_PATHS = NO;
				CLANG_ANALYZER_NONNULL = YES;
				CLANG_ANALYZER_NUMBER_OBJECT_CONVERSION = YES_AGGRESSIVE;
				CLANG_CXX_LANGUAGE_STANDARD = "gnu++14";
				CLANG_CXX_LIBRARY = "libc++";
				CLANG_ENABLE_MODULES = YES;
				CLANG_ENABLE_OBJC_ARC = YES;
				CLANG_ENABLE_OBJC_WEAK = YES;
				CLANG_WARN_BLOCK_CAPTURE_AUTORELEASING = YES;
				CLANG_WARN_BOOL_CONVERSION = YES;
				CLANG_WARN_COMMA = YES;
				CLANG_WARN_CONSTANT_CONVERSION = YES;
				CLANG_WARN_DEPRECATED_OBJC_IMPLEMENTATIONS = YES;
				CLANG_WARN_DIRECT_OBJC_ISA_USAGE = YES_ERROR;
				CLANG_WARN_DOCUMENTATION_COMMENTS = YES;
				CLANG_WARN_EMPTY_BODY = YES;
				CLANG_WARN_ENUM_CONVERSION = YES;
				CLANG_WARN_INFINITE_RECURSION = YES;
				CLANG_WARN_INT_CONVERSION = YES;
				CLANG_WARN_NON_LITERAL_NULL_CONVERSION = YES;
				CLANG_WARN_OBJC_IMPLICIT_RETAIN_SELF = YES;
				CLANG_WARN_OBJC_LITERAL_CONVERSION = YES;
				CLANG_WARN_OBJC_ROOT_CLASS = YES_ERROR;
				CLANG_WARN_RANGE_LOOP_ANALYSIS = YES;
				CLANG_WARN_STRICT_PROTOTYPES = YES;
				CLANG_WARN_SUSPICIOUS_MOVE = YES;
				CLANG_WARN_UNGUARDED_AVAILABILITY = YES_AGGRESSIVE;
				CLANG_WARN_UNREACHABLE_CODE = YES;
				CLANG_WARN__DUPLICATE_METHOD_MATCH = YES;
				CODE_SIGN_IDENTITY = "iPhone Developer";
				COPY_PHASE_STRIP = NO;
				DEBUG_INFORMATION_FORMAT = "dwarf-with-dsym";
				ENABLE_NS_ASSERTIONS = NO;
				ENABLE_STRICT_OBJC_MSGSEND = YES;
				GCC_C_LANGUAGE_STANDARD = gnu11;
				GCC_NO_COMMON_BLOCKS = YES;
				GCC_WARN_64_TO_32_BIT_CONVERSION = YES;
				GCC_WARN_ABOUT_RETURN_TYPE = YES_ERROR;
				GCC_WARN_UNDECLARED_SELECTOR = YES;
				GCC_WARN_UNINITIALIZED_AUTOS = YES_AGGRESSIVE;
				GCC_WARN_UNUSED_FUNCTION = YES;
				GCC_WARN_UNUSED_VARIABLE = YES;
				IPHONEOS_DEPLOYMENT_TARGET = 11.3;
				MTL_ENABLE_DEBUG_INFO = NO;
				SDKROOT = iphoneos;
				SWIFT_COMPILATION_MODE = wholemodule;
				SWIFT_OPTIMIZATION_LEVEL = "-O";
				VALIDATE_PRODUCT = YES;
			};
			name = Release;
		};
		8FA3739520D9688C00EFACAF /* Debug */ = {
			isa = XCBuildConfiguration;
			buildSettings = {
				ASSETCATALOG_COMPILER_APPICON_NAME = AppIcon;
				CODE_SIGN_STYLE = Automatic;
				DEVELOPMENT_TEAM = XG84P2VT48;
				INFOPLIST_FILE = NamesToSpaces/Info.plist;
				LD_RUNPATH_SEARCH_PATHS = (
					"$(inherited)",
					"@executable_path/Frameworks",
				);
				PRODUCT_BUNDLE_IDENTIFIER = com.voxqhuy.NamesToSpaces;
				PRODUCT_NAME = "$(TARGET_NAME)";
				SWIFT_VERSION = 4.0;
				TARGETED_DEVICE_FAMILY = "1,2";
			};
			name = Debug;
		};
		8FA3739620D9688C00EFACAF /* Release */ = {
			isa = XCBuildConfiguration;
			buildSettings = {
				ASSETCATALOG_COMPILER_APPICON_NAME = AppIcon;
				CODE_SIGN_STYLE = Automatic;
				DEVELOPMENT_TEAM = XG84P2VT48;
				INFOPLIST_FILE = NamesToSpaces/Info.plist;
				LD_RUNPATH_SEARCH_PATHS = (
					"$(inherited)",
					"@executable_path/Frameworks",
				);
				PRODUCT_BUNDLE_IDENTIFIER = com.voxqhuy.NamesToSpaces;
				PRODUCT_NAME = "$(TARGET_NAME)";
				SWIFT_VERSION = 4.0;
				TARGETED_DEVICE_FAMILY = "1,2";
			};
			name = Release;
		};
/* End XCBuildConfiguration section */

/* Begin XCConfigurationList section */
		8FA3737D20D9688B00EFACAF /* Build configuration list for PBXProject "NamesToSpaces" */ = {
			isa = XCConfigurationList;
			buildConfigurations = (
				8FA3739220D9688C00EFACAF /* Debug */,
				8FA3739320D9688C00EFACAF /* Release */,
			);
			defaultConfigurationIsVisible = 0;
			defaultConfigurationName = Release;
		};
		8FA3739420D9688C00EFACAF /* Build configuration list for PBXNativeTarget "NamesToSpaces" */ = {
			isa = XCConfigurationList;
			buildConfigurations = (
				8FA3739520D9688C00EFACAF /* Debug */,
				8FA3739620D9688C00EFACAF /* Release */,
			);
			defaultConfigurationIsVisible = 0;
			defaultConfigurationName = Release;
		};
/* End XCConfigurationList section */
	};
	rootObject = 8FA3737A20D9688B00EFACAF /* Project object */;
}
