// !$*UTF8*$!
{
	archiveVersion = 1;
	classes = {
	};
	objectVersion = 50;
	objects = {

/* Begin PBXBuildFile section */
		8FBA21C120A34CDF001B8B67 /* AppDelegate.swift in Sources */ = {isa = PBXBuildFile; fileRef = 8FBA21C020A34CDF001B8B67 /* AppDelegate.swift */; };
		8FBA21C320A34CDF001B8B67 /* ViewController.swift in Sources */ = {isa = PBXBuildFile; fileRef = 8FBA21C220A34CDF001B8B67 /* ViewController.swift */; };
		8FBA21C620A34CDF001B8B67 /* Main.storyboard in Resources */ = {isa = PBXBuildFile; fileRef = 8FBA21C420A34CDF001B8B67 /* Main.storyboard */; };
		8FBA21C820A34CE0001B8B67 /* Assets.xcassets in Resources */ = {isa = PBXBuildFile; fileRef = 8FBA21C720A34CE0001B8B67 /* Assets.xcassets */; };
		8FBA21CB20A34CE0001B8B67 /* LaunchScreen.storyboard in Resources */ = {isa = PBXBuildFile; fileRef = 8FBA21C920A34CE0001B8B67 /* LaunchScreen.storyboard */; };
		8FBA21D620A34CE0001B8B67 /* Simple_Quiz_AppTests.swift in Sources */ = {isa = PBXBuildFile; fileRef = 8FBA21D520A34CE0001B8B67 /* Simple_Quiz_AppTests.swift */; };
		8FBA21E120A34CE0001B8B67 /* Simple_Quiz_AppUITests.swift in Sources */ = {isa = PBXBuildFile; fileRef = 8FBA21E020A34CE0001B8B67 /* Simple_Quiz_AppUITests.swift */; };
/* End PBXBuildFile section */

/* Begin PBXContainerItemProxy section */
		8FBA21D220A34CE0001B8B67 /* PBXContainerItemProxy */ = {
			isa = PBXContainerItemProxy;
			containerPortal = 8FBA21B520A34CDF001B8B67 /* Project object */;
			proxyType = 1;
			remoteGlobalIDString = 8FBA21BC20A34CDF001B8B67;
			remoteInfo = "Simple-Quiz-App";
		};
		8FBA21DD20A34CE0001B8B67 /* PBXContainerItemProxy */ = {
			isa = PBXContainerItemProxy;
			containerPortal = 8FBA21B520A34CDF001B8B67 /* Project object */;
			proxyType = 1;
			remoteGlobalIDString = 8FBA21BC20A34CDF001B8B67;
			remoteInfo = "Simple-Quiz-App";
		};
/* End PBXContainerItemProxy section */

/* Begin PBXFileReference section */
		8FBA21BD20A34CDF001B8B67 /* Simple-Quiz-App.app */ = {isa = PBXFileReference; explicitFileType = wrapper.application; includeInIndex = 0; path = "Simple-Quiz-App.app"; sourceTree = BUILT_PRODUCTS_DIR; };
		8FBA21C020A34CDF001B8B67 /* AppDelegate.swift */ = {isa = PBXFileReference; lastKnownFileType = sourcecode.swift; path = AppDelegate.swift; sourceTree = "<group>"; };
		8FBA21C220A34CDF001B8B67 /* ViewController.swift */ = {isa = PBXFileReference; lastKnownFileType = sourcecode.swift; path = ViewController.swift; sourceTree = "<group>"; };
		8FBA21C520A34CDF001B8B67 /* Base */ = {isa = PBXFileReference; lastKnownFileType = file.storyboard; name = Base; path = Base.lproj/Main.storyboard; sourceTree = "<group>"; };
		8FBA21C720A34CE0001B8B67 /* Assets.xcassets */ = {isa = PBXFileReference; lastKnownFileType = folder.assetcatalog; path = Assets.xcassets; sourceTree = "<group>"; };
		8FBA21CA20A34CE0001B8B67 /* Base */ = {isa = PBXFileReference; lastKnownFileType = file.storyboard; name = Base; path = Base.lproj/LaunchScreen.storyboard; sourceTree = "<group>"; };
		8FBA21CC20A34CE0001B8B67 /* Info.plist */ = {isa = PBXFileReference; lastKnownFileType = text.plist.xml; path = Info.plist; sourceTree = "<group>"; };
		8FBA21D120A34CE0001B8B67 /* Simple-Quiz-AppTests.xctest */ = {isa = PBXFileReference; explicitFileType = wrapper.cfbundle; includeInIndex = 0; path = "Simple-Quiz-AppTests.xctest"; sourceTree = BUILT_PRODUCTS_DIR; };
		8FBA21D520A34CE0001B8B67 /* Simple_Quiz_AppTests.swift */ = {isa = PBXFileReference; lastKnownFileType = sourcecode.swift; path = Simple_Quiz_AppTests.swift; sourceTree = "<group>"; };
		8FBA21D720A34CE0001B8B67 /* Info.plist */ = {isa = PBXFileReference; lastKnownFileType = text.plist.xml; path = Info.plist; sourceTree = "<group>"; };
		8FBA21DC20A34CE0001B8B67 /* Simple-Quiz-AppUITests.xctest */ = {isa = PBXFileReference; explicitFileType = wrapper.cfbundle; includeInIndex = 0; path = "Simple-Quiz-AppUITests.xctest"; sourceTree = BUILT_PRODUCTS_DIR; };
		8FBA21E020A34CE0001B8B67 /* Simple_Quiz_AppUITests.swift */ = {isa = PBXFileReference; lastKnownFileType = sourcecode.swift; path = Simple_Quiz_AppUITests.swift; sourceTree = "<group>"; };
		8FBA21E220A34CE0001B8B67 /* Info.plist */ = {isa = PBXFileReference; lastKnownFileType = text.plist.xml; path = Info.plist; sourceTree = "<group>"; };
/* End PBXFileReference section */

/* Begin PBXFrameworksBuildPhase section */
		8FBA21BA20A34CDF001B8B67 /* Frameworks */ = {
			isa = PBXFrameworksBuildPhase;
			buildActionMask = 2147483647;
			files = (
			);
			runOnlyForDeploymentPostprocessing = 0;
		};
		8FBA21CE20A34CE0001B8B67 /* Frameworks */ = {
			isa = PBXFrameworksBuildPhase;
			buildActionMask = 2147483647;
			files = (
			);
			runOnlyForDeploymentPostprocessing = 0;
		};
		8FBA21D920A34CE0001B8B67 /* Frameworks */ = {
			isa = PBXFrameworksBuildPhase;
			buildActionMask = 2147483647;
			files = (
			);
			runOnlyForDeploymentPostprocessing = 0;
		};
/* End PBXFrameworksBuildPhase section */

/* Begin PBXGroup section */
		8FBA21B420A34CDF001B8B67 = {
			isa = PBXGroup;
			children = (
				8FBA21BF20A34CDF001B8B67 /* Simple-Quiz-App */,
				8FBA21D420A34CE0001B8B67 /* Simple-Quiz-AppTests */,
				8FBA21DF20A34CE0001B8B67 /* Simple-Quiz-AppUITests */,
				8FBA21BE20A34CDF001B8B67 /* Products */,
			);
			sourceTree = "<group>";
		};
		8FBA21BE20A34CDF001B8B67 /* Products */ = {
			isa = PBXGroup;
			children = (
				8FBA21BD20A34CDF001B8B67 /* Simple-Quiz-App.app */,
				8FBA21D120A34CE0001B8B67 /* Simple-Quiz-AppTests.xctest */,
				8FBA21DC20A34CE0001B8B67 /* Simple-Quiz-AppUITests.xctest */,
			);
			name = Products;
			sourceTree = "<group>";
		};
		8FBA21BF20A34CDF001B8B67 /* Simple-Quiz-App */ = {
			isa = PBXGroup;
			children = (
				8FBA21C020A34CDF001B8B67 /* AppDelegate.swift */,
				8FBA21C220A34CDF001B8B67 /* ViewController.swift */,
				8FBA21C420A34CDF001B8B67 /* Main.storyboard */,
				8FBA21C720A34CE0001B8B67 /* Assets.xcassets */,
				8FBA21C920A34CE0001B8B67 /* LaunchScreen.storyboard */,
				8FBA21CC20A34CE0001B8B67 /* Info.plist */,
			);
			path = "Simple-Quiz-App";
			sourceTree = "<group>";
		};
		8FBA21D420A34CE0001B8B67 /* Simple-Quiz-AppTests */ = {
			isa = PBXGroup;
			children = (
				8FBA21D520A34CE0001B8B67 /* Simple_Quiz_AppTests.swift */,
				8FBA21D720A34CE0001B8B67 /* Info.plist */,
			);
			path = "Simple-Quiz-AppTests";
			sourceTree = "<group>";
		};
		8FBA21DF20A34CE0001B8B67 /* Simple-Quiz-AppUITests */ = {
			isa = PBXGroup;
			children = (
				8FBA21E020A34CE0001B8B67 /* Simple_Quiz_AppUITests.swift */,
				8FBA21E220A34CE0001B8B67 /* Info.plist */,
			);
			path = "Simple-Quiz-AppUITests";
			sourceTree = "<group>";
		};
/* End PBXGroup section */

/* Begin PBXNativeTarget section */
		8FBA21BC20A34CDF001B8B67 /* Simple-Quiz-App */ = {
			isa = PBXNativeTarget;
			buildConfigurationList = 8FBA21E520A34CE0001B8B67 /* Build configuration list for PBXNativeTarget "Simple-Quiz-App" */;
			buildPhases = (
				8FBA21B920A34CDF001B8B67 /* Sources */,
				8FBA21BA20A34CDF001B8B67 /* Frameworks */,
				8FBA21BB20A34CDF001B8B67 /* Resources */,
			);
			buildRules = (
			);
			dependencies = (
			);
			name = "Simple-Quiz-App";
			productName = "Simple-Quiz-App";
			productReference = 8FBA21BD20A34CDF001B8B67 /* Simple-Quiz-App.app */;
			productType = "com.apple.product-type.application";
		};
		8FBA21D020A34CE0001B8B67 /* Simple-Quiz-AppTests */ = {
			isa = PBXNativeTarget;
			buildConfigurationList = 8FBA21E820A34CE0001B8B67 /* Build configuration list for PBXNativeTarget "Simple-Quiz-AppTests" */;
			buildPhases = (
				8FBA21CD20A34CE0001B8B67 /* Sources */,
				8FBA21CE20A34CE0001B8B67 /* Frameworks */,
				8FBA21CF20A34CE0001B8B67 /* Resources */,
			);
			buildRules = (
			);
			dependencies = (
				8FBA21D320A34CE0001B8B67 /* PBXTargetDependency */,
			);
			name = "Simple-Quiz-AppTests";
			productName = "Simple-Quiz-AppTests";
			productReference = 8FBA21D120A34CE0001B8B67 /* Simple-Quiz-AppTests.xctest */;
			productType = "com.apple.product-type.bundle.unit-test";
		};
		8FBA21DB20A34CE0001B8B67 /* Simple-Quiz-AppUITests */ = {
			isa = PBXNativeTarget;
			buildConfigurationList = 8FBA21EB20A34CE0001B8B67 /* Build configuration list for PBXNativeTarget "Simple-Quiz-AppUITests" */;
			buildPhases = (
				8FBA21D820A34CE0001B8B67 /* Sources */,
				8FBA21D920A34CE0001B8B67 /* Frameworks */,
				8FBA21DA20A34CE0001B8B67 /* Resources */,
			);
			buildRules = (
			);
			dependencies = (
				8FBA21DE20A34CE0001B8B67 /* PBXTargetDependency */,
			);
			name = "Simple-Quiz-AppUITests";
			productName = "Simple-Quiz-AppUITests";
			productReference = 8FBA21DC20A34CE0001B8B67 /* Simple-Quiz-AppUITests.xctest */;
			productType = "com.apple.product-type.bundle.ui-testing";
		};
/* End PBXNativeTarget section */

/* Begin PBXProject section */
		8FBA21B520A34CDF001B8B67 /* Project object */ = {
			isa = PBXProject;
			attributes = {
				LastSwiftUpdateCheck = 0930;
				LastUpgradeCheck = 0930;
				ORGANIZATIONNAME = "Vo Huy";
				TargetAttributes = {
					8FBA21BC20A34CDF001B8B67 = {
						CreatedOnToolsVersion = 9.3;
					};
					8FBA21D020A34CE0001B8B67 = {
						CreatedOnToolsVersion = 9.3;
						TestTargetID = 8FBA21BC20A34CDF001B8B67;
					};
					8FBA21DB20A34CE0001B8B67 = {
						CreatedOnToolsVersion = 9.3;
						TestTargetID = 8FBA21BC20A34CDF001B8B67;
					};
				};
			};
			buildConfigurationList = 8FBA21B820A34CDF001B8B67 /* Build configuration list for PBXProject "Simple-Quiz-App" */;
			compatibilityVersion = "Xcode 9.3";
			developmentRegion = en;
			hasScannedForEncodings = 0;
			knownRegions = (
				en,
				Base,
			);
			mainGroup = 8FBA21B420A34CDF001B8B67;
			productRefGroup = 8FBA21BE20A34CDF001B8B67 /* Products */;
			projectDirPath = "";
			projectRoot = "";
			targets = (
				8FBA21BC20A34CDF001B8B67 /* Simple-Quiz-App */,
				8FBA21D020A34CE0001B8B67 /* Simple-Quiz-AppTests */,
				8FBA21DB20A34CE0001B8B67 /* Simple-Quiz-AppUITests */,
			);
		};
/* End PBXProject section */

/* Begin PBXResourcesBuildPhase section */
		8FBA21BB20A34CDF001B8B67 /* Resources */ = {
			isa = PBXResourcesBuildPhase;
			buildActionMask = 2147483647;
			files = (
				8FBA21CB20A34CE0001B8B67 /* LaunchScreen.storyboard in Resources */,
				8FBA21C820A34CE0001B8B67 /* Assets.xcassets in Resources */,
				8FBA21C620A34CDF001B8B67 /* Main.storyboard in Resources */,
			);
			runOnlyForDeploymentPostprocessing = 0;
		};
		8FBA21CF20A34CE0001B8B67 /* Resources */ = {
			isa = PBXResourcesBuildPhase;
			buildActionMask = 2147483647;
			files = (
			);
			runOnlyForDeploymentPostprocessing = 0;
		};
		8FBA21DA20A34CE0001B8B67 /* Resources */ = {
			isa = PBXResourcesBuildPhase;
			buildActionMask = 2147483647;
			files = (
			);
			runOnlyForDeploymentPostprocessing = 0;
		};
/* End PBXResourcesBuildPhase section */

/* Begin PBXSourcesBuildPhase section */
		8FBA21B920A34CDF001B8B67 /* Sources */ = {
			isa = PBXSourcesBuildPhase;
			buildActionMask = 2147483647;
			files = (
				8FBA21C320A34CDF001B8B67 /* ViewController.swift in Sources */,
				8FBA21C120A34CDF001B8B67 /* AppDelegate.swift in Sources */,
			);
			runOnlyForDeploymentPostprocessing = 0;
		};
		8FBA21CD20A34CE0001B8B67 /* Sources */ = {
			isa = PBXSourcesBuildPhase;
			buildActionMask = 2147483647;
			files = (
				8FBA21D620A34CE0001B8B67 /* Simple_Quiz_AppTests.swift in Sources */,
			);
			runOnlyForDeploymentPostprocessing = 0;
		};
		8FBA21D820A34CE0001B8B67 /* Sources */ = {
			isa = PBXSourcesBuildPhase;
			buildActionMask = 2147483647;
			files = (
				8FBA21E120A34CE0001B8B67 /* Simple_Quiz_AppUITests.swift in Sources */,
			);
			runOnlyForDeploymentPostprocessing = 0;
		};
/* End PBXSourcesBuildPhase section */

/* Begin PBXTargetDependency section */
		8FBA21D320A34CE0001B8B67 /* PBXTargetDependency */ = {
			isa = PBXTargetDependency;
			target = 8FBA21BC20A34CDF001B8B67 /* Simple-Quiz-App */;
			targetProxy = 8FBA21D220A34CE0001B8B67 /* PBXContainerItemProxy */;
		};
		8FBA21DE20A34CE0001B8B67 /* PBXTargetDependency */ = {
			isa = PBXTargetDependency;
			target = 8FBA21BC20A34CDF001B8B67 /* Simple-Quiz-App */;
			targetProxy = 8FBA21DD20A34CE0001B8B67 /* PBXContainerItemProxy */;
		};
/* End PBXTargetDependency section */

/* Begin PBXVariantGroup section */
		8FBA21C420A34CDF001B8B67 /* Main.storyboard */ = {
			isa = PBXVariantGroup;
			children = (
				8FBA21C520A34CDF001B8B67 /* Base */,
			);
			name = Main.storyboard;
			sourceTree = "<group>";
		};
		8FBA21C920A34CE0001B8B67 /* LaunchScreen.storyboard */ = {
			isa = PBXVariantGroup;
			children = (
				8FBA21CA20A34CE0001B8B67 /* Base */,
			);
			name = LaunchScreen.storyboard;
			sourceTree = "<group>";
		};
/* End PBXVariantGroup section */

/* Begin XCBuildConfiguration section */
		8FBA21E320A34CE0001B8B67 /* Debug */ = {
			isa = XCBuildConfiguration;
			buildSettings = {
				ALWAYS_SEARCH_USER_PATHS = NO;
				CLANG_ANALYZER_NONNULL = YES;
				CLANG_ANALYZER_NUMBER_OBJECT_CONVERSION = YES_AGGRESSIVE;
				CLANG_CXX_LANGUAGE_STANDARD = "gnu++14";
				CLANG_CXX_LIBRARY = "libc++";
				CLANG_ENABLE_MODULES = YES;
				CLANG_ENABLE_OBJC_ARC = YES;
				CLANG_ENABLE_OBJC_WEAK = YES;
				CLANG_WARN_BLOCK_CAPTURE_AUTORELEASING = YES;
				CLANG_WARN_BOOL_CONVERSION = YES;
				CLANG_WARN_COMMA = YES;
				CLANG_WARN_CONSTANT_CONVERSION = YES;
				CLANG_WARN_DEPRECATED_OBJC_IMPLEMENTATIONS = YES;
				CLANG_WARN_DIRECT_OBJC_ISA_USAGE = YES_ERROR;
				CLANG_WARN_DOCUMENTATION_COMMENTS = YES;
				CLANG_WARN_EMPTY_BODY = YES;
				CLANG_WARN_ENUM_CONVERSION = YES;
				CLANG_WARN_INFINITE_RECURSION = YES;
				CLANG_WARN_INT_CONVERSION = YES;
				CLANG_WARN_NON_LITERAL_NULL_CONVERSION = YES;
				CLANG_WARN_OBJC_IMPLICIT_RETAIN_SELF = YES;
				CLANG_WARN_OBJC_LITERAL_CONVERSION = YES;
				CLANG_WARN_OBJC_ROOT_CLASS = YES_ERROR;
				CLANG_WARN_RANGE_LOOP_ANALYSIS = YES;
				CLANG_WARN_STRICT_PROTOTYPES = YES;
				CLANG_WARN_SUSPICIOUS_MOVE = YES;
				CLANG_WARN_UNGUARDED_AVAILABILITY = YES_AGGRESSIVE;
				CLANG_WARN_UNREACHABLE_CODE = YES;
				CLANG_WARN__DUPLICATE_METHOD_MATCH = YES;
				CODE_SIGN_IDENTITY = "iPhone Developer";
				COPY_PHASE_STRIP = NO;
				DEBUG_INFORMATION_FORMAT = dwarf;
				ENABLE_STRICT_OBJC_MSGSEND = YES;
				ENABLE_TESTABILITY = YES;
				GCC_C_LANGUAGE_STANDARD = gnu11;
				GCC_DYNAMIC_NO_PIC = NO;
				GCC_NO_COMMON_BLOCKS = YES;
				GCC_OPTIMIZATION_LEVEL = 0;
				GCC_PREPROCESSOR_DEFINITIONS = (
					"DEBUG=1",
					"$(inherited)",
				);
				GCC_WARN_64_TO_32_BIT_CONVERSION = YES;
				GCC_WARN_ABOUT_RETURN_TYPE = YES_ERROR;
				GCC_WARN_UNDECLARED_SELECTOR = YES;
				GCC_WARN_UNINITIALIZED_AUTOS = YES_AGGRESSIVE;
				GCC_WARN_UNUSED_FUNCTION = YES;
				GCC_WARN_UNUSED_VARIABLE = YES;
				IPHONEOS_DEPLOYMENT_TARGET = 11.3;
				MTL_ENABLE_DEBUG_INFO = YES;
				ONLY_ACTIVE_ARCH = YES;
				SDKROOT = iphoneos;
				SWIFT_ACTIVE_COMPILATION_CONDITIONS = DEBUG;
				SWIFT_OPTIMIZATION_LEVEL = "-Onone";
			};
			name = Debug;
		};
		8FBA21E420A34CE0001B8B67 /* Release */ = {
			isa = XCBuildConfiguration;
			buildSettings = {
				ALWAYS_SEARCH_USER_PATHS = NO;
				CLANG_ANALYZER_NONNULL = YES;
				CLANG_ANALYZER_NUMBER_OBJECT_CONVERSION = YES_AGGRESSIVE;
				CLANG_CXX_LANGUAGE_STANDARD = "gnu++14";
				CLANG_CXX_LIBRARY = "libc++";
				CLANG_ENABLE_MODULES = YES;
				CLANG_ENABLE_OBJC_ARC = YES;
				CLANG_ENABLE_OBJC_WEAK = YES;
				CLANG_WARN_BLOCK_CAPTURE_AUTORELEASING = YES;
				CLANG_WARN_BOOL_CONVERSION = YES;
				CLANG_WARN_COMMA = YES;
				CLANG_WARN_CONSTANT_CONVERSION = YES;
				CLANG_WARN_DEPRECATED_OBJC_IMPLEMENTATIONS = YES;
				CLANG_WARN_DIRECT_OBJC_ISA_USAGE = YES_ERROR;
				CLANG_WARN_DOCUMENTATION_COMMENTS = YES;
				CLANG_WARN_EMPTY_BODY = YES;
				CLANG_WARN_ENUM_CONVERSION = YES;
				CLANG_WARN_INFINITE_RECURSION = YES;
				CLANG_WARN_INT_CONVERSION = YES;
				CLANG_WARN_NON_LITERAL_NULL_CONVERSION = YES;
				CLANG_WARN_OBJC_IMPLICIT_RETAIN_SELF = YES;
				CLANG_WARN_OBJC_LITERAL_CONVERSION = YES;
				CLANG_WARN_OBJC_ROOT_CLASS = YES_ERROR;
				CLANG_WARN_RANGE_LOOP_ANALYSIS = YES;
				CLANG_WARN_STRICT_PROTOTYPES = YES;
				CLANG_WARN_SUSPICIOUS_MOVE = YES;
				CLANG_WARN_UNGUARDED_AVAILABILITY = YES_AGGRESSIVE;
				CLANG_WARN_UNREACHABLE_CODE = YES;
				CLANG_WARN__DUPLICATE_METHOD_MATCH = YES;
				CODE_SIGN_IDENTITY = "iPhone Developer";
				COPY_PHASE_STRIP = NO;
				DEBUG_INFORMATION_FORMAT = "dwarf-with-dsym";
				ENABLE_NS_ASSERTIONS = NO;
				ENABLE_STRICT_OBJC_MSGSEND = YES;
				GCC_C_LANGUAGE_STANDARD = gnu11;
				GCC_NO_COMMON_BLOCKS = YES;
				GCC_WARN_64_TO_32_BIT_CONVERSION = YES;
				GCC_WARN_ABOUT_RETURN_TYPE = YES_ERROR;
				GCC_WARN_UNDECLARED_SELECTOR = YES;
				GCC_WARN_UNINITIALIZED_AUTOS = YES_AGGRESSIVE;
				GCC_WARN_UNUSED_FUNCTION = YES;
				GCC_WARN_UNUSED_VARIABLE = YES;
				IPHONEOS_DEPLOYMENT_TARGET = 11.3;
				MTL_ENABLE_DEBUG_INFO = NO;
				SDKROOT = iphoneos;
				SWIFT_COMPILATION_MODE = wholemodule;
				SWIFT_OPTIMIZATION_LEVEL = "-O";
				VALIDATE_PRODUCT = YES;
			};
			name = Release;
		};
		8FBA21E620A34CE0001B8B67 /* Debug */ = {
			isa = XCBuildConfiguration;
			buildSettings = {
				ASSETCATALOG_COMPILER_APPICON_NAME = AppIcon;
				CODE_SIGN_STYLE = Automatic;
				DEVELOPMENT_TEAM = XG84P2VT48;
				INFOPLIST_FILE = "Simple-Quiz-App/Info.plist";
				LD_RUNPATH_SEARCH_PATHS = (
					"$(inherited)",
					"@executable_path/Frameworks",
				);
				PRODUCT_BUNDLE_IDENTIFIER = "com.example.Simple-Quiz-App";
				PRODUCT_NAME = "$(TARGET_NAME)";
				SWIFT_VERSION = 4.0;
				TARGETED_DEVICE_FAMILY = "1,2";
			};
			name = Debug;
		};
		8FBA21E720A34CE0001B8B67 /* Release */ = {
			isa = XCBuildConfiguration;
			buildSettings = {
				ASSETCATALOG_COMPILER_APPICON_NAME = AppIcon;
				CODE_SIGN_STYLE = Automatic;
				DEVELOPMENT_TEAM = XG84P2VT48;
				INFOPLIST_FILE = "Simple-Quiz-App/Info.plist";
				LD_RUNPATH_SEARCH_PATHS = (
					"$(inherited)",
					"@executable_path/Frameworks",
				);
				PRODUCT_BUNDLE_IDENTIFIER = "com.example.Simple-Quiz-App";
				PRODUCT_NAME = "$(TARGET_NAME)";
				SWIFT_VERSION = 4.0;
				TARGETED_DEVICE_FAMILY = "1,2";
			};
			name = Release;
		};
		8FBA21E920A34CE0001B8B67 /* Debug */ = {
			isa = XCBuildConfiguration;
			buildSettings = {
				ALWAYS_EMBED_SWIFT_STANDARD_LIBRARIES = YES;
				BUNDLE_LOADER = "$(TEST_HOST)";
				CODE_SIGN_STYLE = Automatic;
				DEVELOPMENT_TEAM = XG84P2VT48;
				INFOPLIST_FILE = "Simple-Quiz-AppTests/Info.plist";
				LD_RUNPATH_SEARCH_PATHS = (
					"$(inherited)",
					"@executable_path/Frameworks",
					"@loader_path/Frameworks",
				);
				PRODUCT_BUNDLE_IDENTIFIER = "com.example.Simple-Quiz-AppTests";
				PRODUCT_NAME = "$(TARGET_NAME)";
				SWIFT_VERSION = 4.0;
				TARGETED_DEVICE_FAMILY = "1,2";
				TEST_HOST = "$(BUILT_PRODUCTS_DIR)/Simple-Quiz-App.app/Simple-Quiz-App";
			};
			name = Debug;
		};
		8FBA21EA20A34CE0001B8B67 /* Release */ = {
			isa = XCBuildConfiguration;
			buildSettings = {
				ALWAYS_EMBED_SWIFT_STANDARD_LIBRARIES = YES;
				BUNDLE_LOADER = "$(TEST_HOST)";
				CODE_SIGN_STYLE = Automatic;
				DEVELOPMENT_TEAM = XG84P2VT48;
				INFOPLIST_FILE = "Simple-Quiz-AppTests/Info.plist";
				LD_RUNPATH_SEARCH_PATHS = (
					"$(inherited)",
					"@executable_path/Frameworks",
					"@loader_path/Frameworks",
				);
				PRODUCT_BUNDLE_IDENTIFIER = "com.example.Simple-Quiz-AppTests";
				PRODUCT_NAME = "$(TARGET_NAME)";
				SWIFT_VERSION = 4.0;
				TARGETED_DEVICE_FAMILY = "1,2";
				TEST_HOST = "$(BUILT_PRODUCTS_DIR)/Simple-Quiz-App.app/Simple-Quiz-App";
			};
			name = Release;
		};
		8FBA21EC20A34CE0001B8B67 /* Debug */ = {
			isa = XCBuildConfiguration;
			buildSettings = {
				ALWAYS_EMBED_SWIFT_STANDARD_LIBRARIES = YES;
				CODE_SIGN_STYLE = Automatic;
				DEVELOPMENT_TEAM = XG84P2VT48;
				INFOPLIST_FILE = "Simple-Quiz-AppUITests/Info.plist";
				LD_RUNPATH_SEARCH_PATHS = (
					"$(inherited)",
					"@executable_path/Frameworks",
					"@loader_path/Frameworks",
				);
				PRODUCT_BUNDLE_IDENTIFIER = "com.example.Simple-Quiz-AppUITests";
				PRODUCT_NAME = "$(TARGET_NAME)";
				SWIFT_VERSION = 4.0;
				TARGETED_DEVICE_FAMILY = "1,2";
				TEST_TARGET_NAME = "Simple-Quiz-App";
			};
			name = Debug;
		};
		8FBA21ED20A34CE0001B8B67 /* Release */ = {
			isa = XCBuildConfiguration;
			buildSettings = {
				ALWAYS_EMBED_SWIFT_STANDARD_LIBRARIES = YES;
				CODE_SIGN_STYLE = Automatic;
				DEVELOPMENT_TEAM = XG84P2VT48;
				INFOPLIST_FILE = "Simple-Quiz-AppUITests/Info.plist";
				LD_RUNPATH_SEARCH_PATHS = (
					"$(inherited)",
					"@executable_path/Frameworks",
					"@loader_path/Frameworks",
				);
				PRODUCT_BUNDLE_IDENTIFIER = "com.example.Simple-Quiz-AppUITests";
				PRODUCT_NAME = "$(TARGET_NAME)";
				SWIFT_VERSION = 4.0;
				TARGETED_DEVICE_FAMILY = "1,2";
				TEST_TARGET_NAME = "Simple-Quiz-App";
			};
			name = Release;
		};
/* End XCBuildConfiguration section */

/* Begin XCConfigurationList section */
		8FBA21B820A34CDF001B8B67 /* Build configuration list for PBXProject "Simple-Quiz-App" */ = {
			isa = XCConfigurationList;
			buildConfigurations = (
				8FBA21E320A34CE0001B8B67 /* Debug */,
				8FBA21E420A34CE0001B8B67 /* Release */,
			);
			defaultConfigurationIsVisible = 0;
			defaultConfigurationName = Release;
		};
		8FBA21E520A34CE0001B8B67 /* Build configuration list for PBXNativeTarget "Simple-Quiz-App" */ = {
			isa = XCConfigurationList;
			buildConfigurations = (
				8FBA21E620A34CE0001B8B67 /* Debug */,
				8FBA21E720A34CE0001B8B67 /* Release */,
			);
			defaultConfigurationIsVisible = 0;
			defaultConfigurationName = Release;
		};
		8FBA21E820A34CE0001B8B67 /* Build configuration list for PBXNativeTarget "Simple-Quiz-AppTests" */ = {
			isa = XCConfigurationList;
			buildConfigurations = (
				8FBA21E920A34CE0001B8B67 /* Debug */,
				8FBA21EA20A34CE0001B8B67 /* Release */,
			);
			defaultConfigurationIsVisible = 0;
			defaultConfigurationName = Release;
		};
		8FBA21EB20A34CE0001B8B67 /* Build configuration list for PBXNativeTarget "Simple-Quiz-AppUITests" */ = {
			isa = XCConfigurationList;
			buildConfigurations = (
				8FBA21EC20A34CE0001B8B67 /* Debug */,
				8FBA21ED20A34CE0001B8B67 /* Release */,
			);
			defaultConfigurationIsVisible = 0;
			defaultConfigurationName = Release;
		};
/* End XCConfigurationList section */
	};
	rootObject = 8FBA21B520A34CDF001B8B67 /* Project object */;
}
