// !$*UTF8*$!
{
	archiveVersion = 1;
	classes = {
	};
	objectVersion = 50;
	objects = {

/* Begin PBXBuildFile section */
		8FD0FC81208BF986008BC00C /* AppDelegate.swift in Sources */ = {isa = PBXBuildFile; fileRef = 8FD0FC80208BF986008BC00C /* AppDelegate.swift */; };
		8FD0FC83208BF986008BC00C /* ViewController.swift in Sources */ = {isa = PBXBuildFile; fileRef = 8FD0FC82208BF986008BC00C /* ViewController.swift */; };
		8FD0FC86208BF986008BC00C /* Main.storyboard in Resources */ = {isa = PBXBuildFile; fileRef = 8FD0FC84208BF986008BC00C /* Main.storyboard */; };
		8FD0FC88208BF986008BC00C /* Assets.xcassets in Resources */ = {isa = PBXBuildFile; fileRef = 8FD0FC87208BF986008BC00C /* Assets.xcassets */; };
		8FD0FC8B208BF986008BC00C /* LaunchScreen.storyboard in Resources */ = {isa = PBXBuildFile; fileRef = 8FD0FC89208BF986008BC00C /* LaunchScreen.storyboard */; };
/* End PBXBuildFile section */

/* Begin PBXFileReference section */
		8FD0FC7D208BF986008BC00C /* Simple-Adaptive-UI.app */ = {isa = PBXFileReference; explicitFileType = wrapper.application; includeInIndex = 0; path = "Simple-Adaptive-UI.app"; sourceTree = BUILT_PRODUCTS_DIR; };
		8FD0FC80208BF986008BC00C /* AppDelegate.swift */ = {isa = PBXFileReference; lastKnownFileType = sourcecode.swift; path = AppDelegate.swift; sourceTree = "<group>"; };
		8FD0FC82208BF986008BC00C /* ViewController.swift */ = {isa = PBXFileReference; lastKnownFileType = sourcecode.swift; path = ViewController.swift; sourceTree = "<group>"; };
		8FD0FC85208BF986008BC00C /* Base */ = {isa = PBXFileReference; lastKnownFileType = file.storyboard; name = Base; path = Base.lproj/Main.storyboard; sourceTree = "<group>"; };
		8FD0FC87208BF986008BC00C /* Assets.xcassets */ = {isa = PBXFileReference; lastKnownFileType = folder.assetcatalog; path = Assets.xcassets; sourceTree = "<group>"; };
		8FD0FC8A208BF986008BC00C /* Base */ = {isa = PBXFileReference; lastKnownFileType = file.storyboard; name = Base; path = Base.lproj/LaunchScreen.storyboard; sourceTree = "<group>"; };
		8FD0FC8C208BF987008BC00C /* Info.plist */ = {isa = PBXFileReference; lastKnownFileType = text.plist.xml; path = Info.plist; sourceTree = "<group>"; };
/* End PBXFileReference section */

/* Begin PBXFrameworksBuildPhase section */
		8FD0FC7A208BF986008BC00C /* Frameworks */ = {
			isa = PBXFrameworksBuildPhase;
			buildActionMask = 2147483647;
			files = (
			);
			runOnlyForDeploymentPostprocessing = 0;
		};
/* End PBXFrameworksBuildPhase section */

/* Begin PBXGroup section */
		8FD0FC74208BF986008BC00C = {
			isa = PBXGroup;
			children = (
				8FD0FC7F208BF986008BC00C /* Simple-Adaptive-UI */,
				8FD0FC7E208BF986008BC00C /* Products */,
			);
			sourceTree = "<group>";
		};
		8FD0FC7E208BF986008BC00C /* Products */ = {
			isa = PBXGroup;
			children = (
				8FD0FC7D208BF986008BC00C /* Simple-Adaptive-UI.app */,
			);
			name = Products;
			sourceTree = "<group>";
		};
		8FD0FC7F208BF986008BC00C /* Simple-Adaptive-UI */ = {
			isa = PBXGroup;
			children = (
				8FD0FC80208BF986008BC00C /* AppDelegate.swift */,
				8FD0FC82208BF986008BC00C /* ViewController.swift */,
				8FD0FC84208BF986008BC00C /* Main.storyboard */,
				8FD0FC87208BF986008BC00C /* Assets.xcassets */,
				8FD0FC89208BF986008BC00C /* LaunchScreen.storyboard */,
				8FD0FC8C208BF987008BC00C /* Info.plist */,
			);
			path = "Simple-Adaptive-UI";
			sourceTree = "<group>";
		};
/* End PBXGroup section */

/* Begin PBXNativeTarget section */
		8FD0FC7C208BF986008BC00C /* Simple-Adaptive-UI */ = {
			isa = PBXNativeTarget;
			buildConfigurationList = 8FD0FC8F208BF987008BC00C /* Build configuration list for PBXNativeTarget "Simple-Adaptive-UI" */;
			buildPhases = (
				8FD0FC79208BF986008BC00C /* Sources */,
				8FD0FC7A208BF986008BC00C /* Frameworks */,
				8FD0FC7B208BF986008BC00C /* Resources */,
			);
			buildRules = (
			);
			dependencies = (
			);
			name = "Simple-Adaptive-UI";
			productName = "Simple-Adaptive-UI";
			productReference = 8FD0FC7D208BF986008BC00C /* Simple-Adaptive-UI.app */;
			productType = "com.apple.product-type.application";
		};
/* End PBXNativeTarget section */

/* Begin PBXProject section */
		8FD0FC75208BF986008BC00C /* Project object */ = {
			isa = PBXProject;
			attributes = {
				LastSwiftUpdateCheck = 0930;
				LastUpgradeCheck = 0930;
				ORGANIZATIONNAME = "Vo Huy";
				TargetAttributes = {
					8FD0FC7C208BF986008BC00C = {
						CreatedOnToolsVersion = 9.3;
					};
				};
			};
			buildConfigurationList = 8FD0FC78208BF986008BC00C /* Build configuration list for PBXProject "Simple-Adaptive-UI" */;
			compatibilityVersion = "Xcode 9.3";
			developmentRegion = en;
			hasScannedForEncodings = 0;
			knownRegions = (
				en,
				Base,
			);
			mainGroup = 8FD0FC74208BF986008BC00C;
			productRefGroup = 8FD0FC7E208BF986008BC00C /* Products */;
			projectDirPath = "";
			projectRoot = "";
			targets = (
				8FD0FC7C208BF986008BC00C /* Simple-Adaptive-UI */,
			);
		};
/* End PBXProject section */

/* Begin PBXResourcesBuildPhase section */
		8FD0FC7B208BF986008BC00C /* Resources */ = {
			isa = PBXResourcesBuildPhase;
			buildActionMask = 2147483647;
			files = (
				8FD0FC8B208BF986008BC00C /* LaunchScreen.storyboard in Resources */,
				8FD0FC88208BF986008BC00C /* Assets.xcassets in Resources */,
				8FD0FC86208BF986008BC00C /* Main.storyboard in Resources */,
			);
			runOnlyForDeploymentPostprocessing = 0;
		};
/* End PBXResourcesBuildPhase section */

/* Begin PBXSourcesBuildPhase section */
		8FD0FC79208BF986008BC00C /* Sources */ = {
			isa = PBXSourcesBuildPhase;
			buildActionMask = 2147483647;
			files = (
				8FD0FC83208BF986008BC00C /* ViewController.swift in Sources */,
				8FD0FC81208BF986008BC00C /* AppDelegate.swift in Sources */,
			);
			runOnlyForDeploymentPostprocessing = 0;
		};
/* End PBXSourcesBuildPhase section */

/* Begin PBXVariantGroup section */
		8FD0FC84208BF986008BC00C /* Main.storyboard */ = {
			isa = PBXVariantGroup;
			children = (
				8FD0FC85208BF986008BC00C /* Base */,
			);
			name = Main.storyboard;
			sourceTree = "<group>";
		};
		8FD0FC89208BF986008BC00C /* LaunchScreen.storyboard */ = {
			isa = PBXVariantGroup;
			children = (
				8FD0FC8A208BF986008BC00C /* Base */,
			);
			name = LaunchScreen.storyboard;
			sourceTree = "<group>";
		};
/* End PBXVariantGroup section */

/* Begin XCBuildConfiguration section */
		8FD0FC8D208BF987008BC00C /* Debug */ = {
			isa = XCBuildConfiguration;
			buildSettings = {
				ALWAYS_SEARCH_USER_PATHS = NO;
				CLANG_ANALYZER_NONNULL = YES;
				CLANG_ANALYZER_NUMBER_OBJECT_CONVERSION = YES_AGGRESSIVE;
				CLANG_CXX_LANGUAGE_STANDARD = "gnu++14";
				CLANG_CXX_LIBRARY = "libc++";
				CLANG_ENABLE_MODULES = YES;
				CLANG_ENABLE_OBJC_ARC = YES;
				CLANG_ENABLE_OBJC_WEAK = YES;
				CLANG_WARN_BLOCK_CAPTURE_AUTORELEASING = YES;
				CLANG_WARN_BOOL_CONVERSION = YES;
				CLANG_WARN_COMMA = YES;
				CLANG_WARN_CONSTANT_CONVERSION = YES;
				CLANG_WARN_DEPRECATED_OBJC_IMPLEMENTATIONS = YES;
				CLANG_WARN_DIRECT_OBJC_ISA_USAGE = YES_ERROR;
				CLANG_WARN_DOCUMENTATION_COMMENTS = YES;
				CLANG_WARN_EMPTY_BODY = YES;
				CLANG_WARN_ENUM_CONVERSION = YES;
				CLANG_WARN_INFINITE_RECURSION = YES;
				CLANG_WARN_INT_CONVERSION = YES;
				CLANG_WARN_NON_LITERAL_NULL_CONVERSION = YES;
				CLANG_WARN_OBJC_IMPLICIT_RETAIN_SELF = YES;
				CLANG_WARN_OBJC_LITERAL_CONVERSION = YES;
				CLANG_WARN_OBJC_ROOT_CLASS = YES_ERROR;
				CLANG_WARN_RANGE_LOOP_ANALYSIS = YES;
				CLANG_WARN_STRICT_PROTOTYPES = YES;
				CLANG_WARN_SUSPICIOUS_MOVE = YES;
				CLANG_WARN_UNGUARDED_AVAILABILITY = YES_AGGRESSIVE;
				CLANG_WARN_UNREACHABLE_CODE = YES;
				CLANG_WARN__DUPLICATE_METHOD_MATCH = YES;
				CODE_SIGN_IDENTITY = "iPhone Developer";
				COPY_PHASE_STRIP = NO;
				DEBUG_INFORMATION_FORMAT = dwarf;
				ENABLE_STRICT_OBJC_MSGSEND = YES;
				ENABLE_TESTABILITY = YES;
				GCC_C_LANGUAGE_STANDARD = gnu11;
				GCC_DYNAMIC_NO_PIC = NO;
				GCC_NO_COMMON_BLOCKS = YES;
				GCC_OPTIMIZATION_LEVEL = 0;
				GCC_PREPROCESSOR_DEFINITIONS = (
					"DEBUG=1",
					"$(inherited)",
				);
				GCC_WARN_64_TO_32_BIT_CONVERSION = YES;
				GCC_WARN_ABOUT_RETURN_TYPE = YES_ERROR;
				GCC_WARN_UNDECLARED_SELECTOR = YES;
				GCC_WARN_UNINITIALIZED_AUTOS = YES_AGGRESSIVE;
				GCC_WARN_UNUSED_FUNCTION = YES;
				GCC_WARN_UNUSED_VARIABLE = YES;
				IPHONEOS_DEPLOYMENT_TARGET = 11.3;
				MTL_ENABLE_DEBUG_INFO = YES;
				ONLY_ACTIVE_ARCH = YES;
				SDKROOT = iphoneos;
				SWIFT_ACTIVE_COMPILATION_CONDITIONS = DEBUG;
				SWIFT_OPTIMIZATION_LEVEL = "-Onone";
			};
			name = Debug;
		};
		8FD0FC8E208BF987008BC00C /* Release */ = {
			isa = XCBuildConfiguration;
			buildSettings = {
				ALWAYS_SEARCH_USER_PATHS = NO;
				CLANG_ANALYZER_NONNULL = YES;
				CLANG_ANALYZER_NUMBER_OBJECT_CONVERSION = YES_AGGRESSIVE;
				CLANG_CXX_LANGUAGE_STANDARD = "gnu++14";
				CLANG_CXX_LIBRARY = "libc++";
				CLANG_ENABLE_MODULES = YES;
				CLANG_ENABLE_OBJC_ARC = YES;
				CLANG_ENABLE_OBJC_WEAK = YES;
				CLANG_WARN_BLOCK_CAPTURE_AUTORELEASING = YES;
				CLANG_WARN_BOOL_CONVERSION = YES;
				CLANG_WARN_COMMA = YES;
				CLANG_WARN_CONSTANT_CONVERSION = YES;
				CLANG_WARN_DEPRECATED_OBJC_IMPLEMENTATIONS = YES;
				CLANG_WARN_DIRECT_OBJC_ISA_USAGE = YES_ERROR;
				CLANG_WARN_DOCUMENTATION_COMMENTS = YES;
				CLANG_WARN_EMPTY_BODY = YES;
				CLANG_WARN_ENUM_CONVERSION = YES;
				CLANG_WARN_INFINITE_RECURSION = YES;
				CLANG_WARN_INT_CONVERSION = YES;
				CLANG_WARN_NON_LITERAL_NULL_CONVERSION = YES;
				CLANG_WARN_OBJC_IMPLICIT_RETAIN_SELF = YES;
				CLANG_WARN_OBJC_LITERAL_CONVERSION = YES;
				CLANG_WARN_OBJC_ROOT_CLASS = YES_ERROR;
				CLANG_WARN_RANGE_LOOP_ANALYSIS = YES;
				CLANG_WARN_STRICT_PROTOTYPES = YES;
				CLANG_WARN_SUSPICIOUS_MOVE = YES;
				CLANG_WARN_UNGUARDED_AVAILABILITY = YES_AGGRESSIVE;
				CLANG_WARN_UNREACHABLE_CODE = YES;
				CLANG_WARN__DUPLICATE_METHOD_MATCH = YES;
				CODE_SIGN_IDENTITY = "iPhone Developer";
				COPY_PHASE_STRIP = NO;
				DEBUG_INFORMATION_FORMAT = "dwarf-with-dsym";
				ENABLE_NS_ASSERTIONS = NO;
				ENABLE_STRICT_OBJC_MSGSEND = YES;
				GCC_C_LANGUAGE_STANDARD = gnu11;
				GCC_NO_COMMON_BLOCKS = YES;
				GCC_WARN_64_TO_32_BIT_CONVERSION = YES;
				GCC_WARN_ABOUT_RETURN_TYPE = YES_ERROR;
				GCC_WARN_UNDECLARED_SELECTOR = YES;
				GCC_WARN_UNINITIALIZED_AUTOS = YES_AGGRESSIVE;
				GCC_WARN_UNUSED_FUNCTION = YES;
				GCC_WARN_UNUSED_VARIABLE = YES;
				IPHONEOS_DEPLOYMENT_TARGET = 11.3;
				MTL_ENABLE_DEBUG_INFO = NO;
				SDKROOT = iphoneos;
				SWIFT_COMPILATION_MODE = wholemodule;
				SWIFT_OPTIMIZATION_LEVEL = "-O";
				VALIDATE_PRODUCT = YES;
			};
			name = Release;
		};
		8FD0FC90208BF987008BC00C /* Debug */ = {
			isa = XCBuildConfiguration;
			buildSettings = {
				ASSETCATALOG_COMPILER_APPICON_NAME = AppIcon;
				CODE_SIGN_STYLE = Automatic;
				DEVELOPMENT_TEAM = XG84P2VT48;
				INFOPLIST_FILE = "Simple-Adaptive-UI/Info.plist";
				LD_RUNPATH_SEARCH_PATHS = (
					"$(inherited)",
					"@executable_path/Frameworks",
				);
				PRODUCT_BUNDLE_IDENTIFIER = "com.example.Simple-Adaptive-UI";
				PRODUCT_NAME = "$(TARGET_NAME)";
				SWIFT_VERSION = 4.0;
				TARGETED_DEVICE_FAMILY = "1,2";
			};
			name = Debug;
		};
		8FD0FC91208BF987008BC00C /* Release */ = {
			isa = XCBuildConfiguration;
			buildSettings = {
				ASSETCATALOG_COMPILER_APPICON_NAME = AppIcon;
				CODE_SIGN_STYLE = Automatic;
				DEVELOPMENT_TEAM = XG84P2VT48;
				INFOPLIST_FILE = "Simple-Adaptive-UI/Info.plist";
				LD_RUNPATH_SEARCH_PATHS = (
					"$(inherited)",
					"@executable_path/Frameworks",
				);
				PRODUCT_BUNDLE_IDENTIFIER = "com.example.Simple-Adaptive-UI";
				PRODUCT_NAME = "$(TARGET_NAME)";
				SWIFT_VERSION = 4.0;
				TARGETED_DEVICE_FAMILY = "1,2";
			};
			name = Release;
		};
/* End XCBuildConfiguration section */

/* Begin XCConfigurationList section */
		8FD0FC78208BF986008BC00C /* Build configuration list for PBXProject "Simple-Adaptive-UI" */ = {
			isa = XCConfigurationList;
			buildConfigurations = (
				8FD0FC8D208BF987008BC00C /* Debug */,
				8FD0FC8E208BF987008BC00C /* Release */,
			);
			defaultConfigurationIsVisible = 0;
			defaultConfigurationName = Release;
		};
		8FD0FC8F208BF987008BC00C /* Build configuration list for PBXNativeTarget "Simple-Adaptive-UI" */ = {
			isa = XCConfigurationList;
			buildConfigurations = (
				8FD0FC90208BF987008BC00C /* Debug */,
				8FD0FC91208BF987008BC00C /* Release */,
			);
			defaultConfigurationIsVisible = 0;
			defaultConfigurationName = Release;
		};
/* End XCConfigurationList section */
	};
	rootObject = 8FD0FC75208BF986008BC00C /* Project object */;
}
